{
    "version": 3,
    "terraform_version": "0.10.2",
    "serial": 49,
    "lineage": "bdbdb8f6-9487-4f96-8ee4-eb8860e9761a",
    "modules": [
        {
            "path": [
                "root"
            ],
            "outputs": {},
            "resources": {},
            "depends_on": []
        },
        {
            "path": [
                "root",
                "aws"
            ],
            "outputs": {
                "availability_zones": {
                    "sensitive": false,
                    "type": "list",
                    "value": [
                        "us-west-2a",
                        "us-west-2b",
                        "us-west-2c"
                    ]
                },
                "bastion_security_group": {
                    "sensitive": false,
                    "type": "string",
                    "value": "sg-c8efc9b2"
                },
                "ecs_cluster_id": {
                    "sensitive": false,
                    "type": "string",
                    "value": "arn:aws:ecs:us-west-2:518695917306:cluster/production-space-tweet"
                },
                "ecs_cluster_security_group": {
                    "sensitive": false,
                    "type": "string",
                    "value": "sg-03edcb79"
                },
                "ecs_service_iam_role_arn": {
                    "sensitive": false,
                    "type": "string",
                    "value": "arn:aws:iam::518695917306:role/production-space-tweet-ecs-service-role"
                },
                "external_alb_security_group": {
                    "sensitive": false,
                    "type": "string",
                    "value": "sg-78ecca02"
                },
                "external_zone_id": {
                    "sensitive": false,
                    "type": "string",
                    "value": "ZCRIZB0K6Y7E"
                },
                "internal_alb_security_group": {
                    "sensitive": false,
                    "type": "string",
                    "value": "sg-3eefc944"
                },
                "internal_zone_id": {
                    "sensitive": false,
                    "type": "string",
                    "value": "Z1EDS52KVM49Z9"
                },
                "log_bucket_id": {
                    "sensitive": false,
                    "type": "string",
                    "value": "production-space-tweet-logs"
                },
                "private_subnet_ids": {
                    "sensitive": false,
                    "type": "list",
                    "value": [
                        "subnet-9c58b3d4",
                        "subnet-b54d9bd3",
                        "subnet-881b7bd3"
                    ]
                },
                "public_subnet_ids": {
                    "sensitive": false,
                    "type": "list",
                    "value": [
                        "subnet-3a58b372",
                        "subnet-b24d9bd4",
                        "subnet-e71e7ebc"
                    ]
                },
                "region": {
                    "sensitive": false,
                    "type": "string",
                    "value": "us-west-2"
                },
                "ssh_config": {
                    "sensitive": false,
                    "type": "list",
                    "value": [
                        "ubuntu@34.214.0.149",
                        "ubuntu@52.25.176.177",
                        "ubuntu@52.42.169.155"
                    ]
                },
                "vpc_id": {
                    "sensitive": false,
                    "type": "string",
                    "value": "vpc-2f5bdc49"
                }
            },
            "resources": {
                "data.aws_availability_zones.available": {
                    "type": "aws_availability_zones",
                    "depends_on": [],
                    "primary": {
                        "id": "2017-08-24 21:02:24.185050787 +0000 UTC",
                        "attributes": {
                            "id": "2017-08-24 21:02:24.185050787 +0000 UTC",
                            "names.#": "3",
                            "names.0": "us-west-2a",
                            "names.1": "us-west-2b",
                            "names.2": "us-west-2c"
                        },
                        "meta": {},
                        "tainted": false
                    },
                    "deposed": [],
                    "provider": ""
                },
                "data.aws_region.current": {
                    "type": "aws_region",
                    "depends_on": [],
                    "primary": {
                        "id": "us-west-2",
                        "attributes": {
                            "current": "true",
                            "endpoint": "ec2.us-west-2.amazonaws.com",
                            "id": "us-west-2",
                            "name": "us-west-2"
                        },
                        "meta": {},
                        "tainted": false
                    },
                    "deposed": [],
                    "provider": ""
                }
            },
            "depends_on": []
        },
        {
            "path": [
                "root",
                "exocom_cluster"
            ],
            "outputs": {
                "cluster_id": {
                    "sensitive": false,
                    "type": "string",
                    "value": "arn:aws:ecs:us-west-2:518695917306:cluster/exocom"
                },
                "exocom_address": {
                    "sensitive": false,
                    "type": "string",
                    "value": "exocom.space-tweet.local"
                },
                "security_groups": {
                    "sensitive": false,
                    "type": "list",
                    "value": [
                        "sg-92eec8e8"
                    ]
                }
            },
            "resources": {
                "aws_ecs_cluster.exocom": {
                    "type": "aws_ecs_cluster",
                    "depends_on": [],
                    "primary": {
                        "id": "arn:aws:ecs:us-west-2:518695917306:cluster/exocom",
                        "attributes": {
                            "id": "arn:aws:ecs:us-west-2:518695917306:cluster/exocom",
                            "name": "exocom"
                        },
                        "meta": {},
                        "tainted": false
                    },
                    "deposed": [],
                    "provider": ""
                },
                "aws_iam_instance_profile.exocom_ecs_instance": {
                    "type": "aws_iam_instance_profile",
                    "depends_on": [
                        "aws_iam_role.exocom_ecs_instance"
                    ],
                    "primary": {
                        "id": "exocom-ecs-instance-profile",
                        "attributes": {
                            "arn": "arn:aws:iam::518695917306:instance-profile/exocom-ecs-instance-profile",
                            "id": "exocom-ecs-instance-profile",
                            "name": "exocom-ecs-instance-profile",
                            "path": "/",
                            "role": "exocom-ecs-instance-role",
                            "roles.#": "1",
                            "roles.3151580690": "exocom-ecs-instance-role",
                            "unique_id": "AIPAICABYYKLOGRGMXNT6"
                        },
                        "meta": {},
                        "tainted": false
                    },
                    "deposed": [],
                    "provider": ""
                },
                "aws_iam_role.exocom_ecs_instance": {
                    "type": "aws_iam_role",
                    "depends_on": [],
                    "primary": {
                        "id": "exocom-ecs-instance-role",
                        "attributes": {
                            "arn": "arn:aws:iam::518695917306:role/exocom-ecs-instance-role",
                            "assume_role_policy": "{\"Version\":\"2008-10-17\",\"Statement\":[{\"Effect\":\"Allow\",\"Principal\":{\"Service\":[\"ec2.amazonaws.com\",\"ecs.amazonaws.com\"]},\"Action\":\"sts:AssumeRole\"}]}",
                            "create_date": "2017-08-24T17:49:54Z",
                            "force_detach_policies": "false",
                            "id": "exocom-ecs-instance-role",
                            "name": "exocom-ecs-instance-role",
                            "path": "/",
                            "unique_id": "AROAJTR7MPL6ABCSRI3KE"
                        },
                        "meta": {},
                        "tainted": false
                    },
                    "deposed": [],
                    "provider": ""
                },
                "aws_iam_role.exocom_ecs_service": {
                    "type": "aws_iam_role",
                    "depends_on": [],
                    "primary": {
                        "id": "exocom-ecs-service-role",
                        "attributes": {
                            "arn": "arn:aws:iam::518695917306:role/exocom-ecs-service-role",
                            "assume_role_policy": "{\"Version\":\"2008-10-17\",\"Statement\":[{\"Effect\":\"Allow\",\"Principal\":{\"Service\":[\"ec2.amazonaws.com\",\"ecs.amazonaws.com\"]},\"Action\":\"sts:AssumeRole\"}]}",
                            "create_date": "2017-08-24T17:49:54Z",
                            "force_detach_policies": "false",
                            "id": "exocom-ecs-service-role",
                            "name": "exocom-ecs-service-role",
                            "path": "/",
                            "unique_id": "AROAIOA3M6AFY2AZROO2I"
                        },
                        "meta": {},
                        "tainted": false
                    },
                    "deposed": [],
                    "provider": ""
                },
                "aws_iam_role_policy.exocom_ecs_instance": {
                    "type": "aws_iam_role_policy",
                    "depends_on": [
                        "aws_iam_role.exocom_ecs_instance"
                    ],
                    "primary": {
                        "id": "exocom-ecs-instance-role:exocom-ecs-instance-role-policy",
                        "attributes": {
                            "id": "exocom-ecs-instance-role:exocom-ecs-instance-role-policy",
                            "name": "exocom-ecs-instance-role-policy",
                            "policy": "{\n  \"Version\": \"2012-10-17\",\n  \"Statement\": [\n    {\n      \"Effect\": \"Allow\",\n      \"Action\": [\n        \"ecs:CreateCluster\",\n        \"ecs:DeregisterContainerInstance\",\n        \"ecs:DiscoverPollEndpoint\",\n        \"ecs:Poll\",\n        \"ecs:RegisterContainerInstance\",\n        \"ecs:StartTelemetrySession\",\n        \"ecs:Submit*\",\n        \"ecr:GetAuthorizationToken\",\n        \"ecr:BatchCheckLayerAvailability\",\n        \"ecr:GetDownloadUrlForLayer\",\n        \"ecr:BatchGetImage\",\n        \"ecs:StartTask\",\n        \"autoscaling:*\"\n      ],\n      \"Resource\": \"*\"\n    },\n    {\n      \"Effect\": \"Allow\",\n      \"Action\": [\n        \"logs:CreateLogGroup\",\n        \"logs:CreateLogStream\",\n        \"logs:PutLogEvents\",\n        \"logs:DescribeLogStreams\"\n      ],\n      \"Resource\": \"arn:aws:logs:*:*:*\"\n    }\n  ]\n}\n",
                            "role": "exocom-ecs-instance-role"
                        },
                        "meta": {},
                        "tainted": false
                    },
                    "deposed": [],
                    "provider": ""
                },
                "aws_iam_role_policy.exocom_ecs_service": {
                    "type": "aws_iam_role_policy",
                    "depends_on": [
                        "aws_iam_role.exocom_ecs_service"
                    ],
                    "primary": {
                        "id": "exocom-ecs-service-role:exocom-ecs-service-role-policy",
                        "attributes": {
                            "id": "exocom-ecs-service-role:exocom-ecs-service-role-policy",
                            "name": "exocom-ecs-service-role-policy",
                            "policy": "{\n  \"Version\": \"2012-10-17\",\n  \"Statement\": [\n    {\n      \"Effect\": \"Allow\",\n      \"Action\": [\n        \"ec2:AuthorizeSecurityGroupIngress\",\n        \"ec2:Describe*\",\n        \"elasticloadbalancing:DeregisterInstancesFromLoadBalancer\",\n        \"elasticloadbalancing:DeregisterTargets\",\n        \"elasticloadbalancing:Describe*\",\n        \"elasticloadbalancing:RegisterInstancesWithLoadBalancer\",\n        \"elasticloadbalancing:RegisterTargets\"\n      ],\n      \"Resource\": \"*\"\n    }\n  ]\n}\n",
                            "role": "exocom-ecs-service-role"
                        },
                        "meta": {},
                        "tainted": false
                    },
                    "deposed": [],
                    "provider": ""
                },
                "aws_instance.exocom": {
                    "type": "aws_instance",
                    "depends_on": [],
                    "primary": {
                        "id": "i-0c21c28ba19fa6c84",
                        "attributes": {
                            "ami": "ami-57d9cd2e",
                            "associate_public_ip_address": "false",
                            "availability_zone": "us-west-2a",
                            "disable_api_termination": "false",
                            "ebs_block_device.#": "1",
                            "ebs_block_device.504524833.delete_on_termination": "true",
                            "ebs_block_device.504524833.device_name": "/dev/xvdcz",
                            "ebs_block_device.504524833.encrypted": "false",
                            "ebs_block_device.504524833.iops": "100",
                            "ebs_block_device.504524833.snapshot_id": "",
                            "ebs_block_device.504524833.volume_size": "22",
                            "ebs_block_device.504524833.volume_type": "gp2",
                            "ebs_optimized": "false",
                            "ephemeral_block_device.#": "0",
                            "iam_instance_profile": "exocom-ecs-instance-profile",
                            "id": "i-0c21c28ba19fa6c84",
                            "instance_state": "running",
                            "instance_type": "t2.micro",
                            "ipv6_addresses.#": "0",
                            "key_name": "hugo",
                            "monitoring": "false",
                            "network_interface.#": "0",
                            "network_interface_id": "eni-e29a7dd3",
                            "primary_network_interface_id": "eni-e29a7dd3",
                            "private_dns": "ip-10-0-4-82.us-west-2.compute.internal",
                            "private_ip": "10.0.4.82",
                            "public_dns": "",
                            "public_ip": "",
                            "root_block_device.#": "1",
                            "root_block_device.0.delete_on_termination": "true",
                            "root_block_device.0.iops": "100",
                            "root_block_device.0.volume_size": "8",
                            "root_block_device.0.volume_type": "gp2",
                            "security_groups.#": "0",
                            "source_dest_check": "true",
                            "subnet_id": "subnet-9c58b3d4",
                            "tags.%": "2",
                            "tags.Environment": "production",
                            "tags.Name": "exocom",
                            "tenancy": "default",
                            "user_data": "4a2c03e0a1177eb9c3f102b6921c0b533031a0af",
                            "volume_tags.%": "0",
                            "vpc_security_group_ids.#": "1",
                            "vpc_security_group_ids.3543445155": "sg-92eec8e8"
                        },
                        "meta": {
                            "e2bfb730-ecaa-11e6-8f88-34363bc7c4c0": {
                                "create": 600000000000,
                                "delete": 600000000000,
                                "update": 600000000000
                            },
                            "schema_version": "1"
                        },
                        "tainted": false
                    },
                    "deposed": [],
                    "provider": ""
                },
                "aws_route53_record.exocom": {
                    "type": "aws_route53_record",
                    "depends_on": [
                        "aws_instance.exocom"
                    ],
                    "primary": {
                        "id": "Z1EDS52KVM49Z9_exocom_A",
                        "attributes": {
                            "fqdn": "exocom.space-tweet.local",
                            "health_check_id": "",
                            "id": "Z1EDS52KVM49Z9_exocom_A",
                            "name": "exocom",
                            "records.#": "1",
                            "records.760589868": "10.0.4.82",
                            "set_identifier": "",
                            "ttl": "300",
                            "type": "A",
                            "zone_id": "Z1EDS52KVM49Z9"
                        },
                        "meta": {
                            "schema_version": "2"
                        },
                        "tainted": false
                    },
                    "deposed": [],
                    "provider": ""
                },
                "aws_security_group.exocom_cluster": {
                    "type": "aws_security_group",
                    "depends_on": [],
                    "primary": {
                        "id": "sg-92eec8e8",
                        "attributes": {
                            "description": "Allows traffic from and to the EC2 instances of the Exocom ECS cluster",
                            "egress.#": "1",
                            "egress.482069346.cidr_blocks.#": "1",
                            "egress.482069346.cidr_blocks.0": "0.0.0.0/0",
                            "egress.482069346.from_port": "0",
                            "egress.482069346.ipv6_cidr_blocks.#": "0",
                            "egress.482069346.prefix_list_ids.#": "0",
                            "egress.482069346.protocol": "-1",
                            "egress.482069346.security_groups.#": "0",
                            "egress.482069346.self": "false",
                            "egress.482069346.to_port": "0",
                            "id": "sg-92eec8e8",
                            "ingress.#": "2",
                            "ingress.1281914073.cidr_blocks.#": "0",
                            "ingress.1281914073.from_port": "0",
                            "ingress.1281914073.ipv6_cidr_blocks.#": "0",
                            "ingress.1281914073.protocol": "-1",
                            "ingress.1281914073.security_groups.#": "2",
                            "ingress.1281914073.security_groups.2851750735": "sg-78ecca02",
                            "ingress.1281914073.security_groups.3385668522": "sg-03edcb79",
                            "ingress.1281914073.self": "false",
                            "ingress.1281914073.to_port": "0",
                            "ingress.852943642.cidr_blocks.#": "0",
                            "ingress.852943642.from_port": "22",
                            "ingress.852943642.ipv6_cidr_blocks.#": "0",
                            "ingress.852943642.protocol": "tcp",
                            "ingress.852943642.security_groups.#": "1",
                            "ingress.852943642.security_groups.1515483613": "sg-c8efc9b2",
                            "ingress.852943642.self": "false",
                            "ingress.852943642.to_port": "22",
                            "name": "exocom-ecs-cluster",
                            "owner_id": "518695917306",
                            "tags.%": "2",
                            "tags.Environment": "production",
                            "tags.Name": "ECS cluster (Exocom)",
                            "vpc_id": "vpc-2f5bdc49"
                        },
                        "meta": {},
                        "tainted": false
                    },
                    "deposed": [],
                    "provider": ""
                },
                "data.aws_ami.ecs_optimized": {
                    "type": "aws_ami",
                    "depends_on": [],
                    "primary": {
                        "id": "ami-57d9cd2e",
                        "attributes": {
                            "architecture": "x86_64",
                            "block_device_mappings.#": "2",
                            "block_device_mappings.2538004115.device_name": "/dev/xvdcz",
                            "block_device_mappings.2538004115.ebs.%": "5",
                            "block_device_mappings.2538004115.ebs.delete_on_termination": "true",
                            "block_device_mappings.2538004115.ebs.encrypted": "false",
                            "block_device_mappings.2538004115.ebs.iops": "0",
                            "block_device_mappings.2538004115.ebs.volume_size": "22",
                            "block_device_mappings.2538004115.ebs.volume_type": "gp2",
                            "block_device_mappings.2538004115.no_device": "",
                            "block_device_mappings.2538004115.virtual_name": "",
                            "block_device_mappings.340275815.device_name": "/dev/xvda",
                            "block_device_mappings.340275815.ebs.%": "6",
                            "block_device_mappings.340275815.ebs.delete_on_termination": "true",
                            "block_device_mappings.340275815.ebs.encrypted": "false",
                            "block_device_mappings.340275815.ebs.iops": "0",
                            "block_device_mappings.340275815.ebs.snapshot_id": "snap-049efa3769408f9e3",
                            "block_device_mappings.340275815.ebs.volume_size": "8",
                            "block_device_mappings.340275815.ebs.volume_type": "gp2",
                            "block_device_mappings.340275815.no_device": "",
                            "block_device_mappings.340275815.virtual_name": "",
                            "creation_date": "2017-06-23T16:44:34.000Z",
                            "description": "Amazon Linux AMI 2017.03.d x86_64 ECS HVM GP2",
                            "filter.#": "2",
                            "filter.461301290.name": "name",
                            "filter.461301290.values.#": "1",
                            "filter.461301290.values.0": "amzn-ami-2017.03.d-amazon-ecs-optimized",
                            "filter.574890044.name": "owner-alias",
                            "filter.574890044.values.#": "1",
                            "filter.574890044.values.0": "amazon",
                            "hypervisor": "xen",
                            "id": "ami-57d9cd2e",
                            "image_id": "ami-57d9cd2e",
                            "image_location": "amazon/amzn-ami-2017.03.d-amazon-ecs-optimized",
                            "image_owner_alias": "amazon",
                            "image_type": "machine",
                            "most_recent": "true",
                            "name": "amzn-ami-2017.03.d-amazon-ecs-optimized",
                            "owner_id": "591542846629",
                            "product_codes.#": "0",
                            "public": "true",
                            "root_device_name": "/dev/xvda",
                            "root_device_type": "ebs",
                            "sriov_net_support": "simple",
                            "state": "available",
                            "state_reason.%": "2",
                            "state_reason.code": "UNSET",
                            "state_reason.message": "UNSET",
                            "tags.#": "0",
                            "virtualization_type": "hvm"
                        },
                        "meta": {},
                        "tainted": false
                    },
                    "deposed": [],
                    "provider": ""
                },
                "data.template_cloudinit_config.cloud_config": {
                    "type": "template_cloudinit_config",
                    "depends_on": [
                        "data.template_file.ecs_cloud_config"
                    ],
                    "primary": {
                        "id": "3873372648",
                        "attributes": {
                            "base64_encode": "false",
                            "gzip": "false",
                            "id": "3873372648",
                            "part.#": "2",
                            "part.0.content": "#cloud-config\nbootcmd:\n  - echo 'SERVER_ENVIRONMENT=production' \u003e\u003e /etc/environment\n  - echo 'SERVER_GROUP=exocom' \u003e\u003e /etc/environment\n  - echo 'SERVER_REGION=us-west-2' \u003e\u003e /etc/environment\n\n  - mkdir -p /etc/ecs\n  - echo 'ECS_CLUSTER=exocom' \u003e\u003e /etc/ecs/ecs.config\n  - echo 'ECS_ENGINE_AUTH_TYPE=' \u003e\u003e /etc/ecs/ecs.config\n  - \u003e\n    echo 'ECS_ENGINE_AUTH_DATA=' \u003e\u003e /etc/ecs/ecs.config\n",
                            "part.0.content_type": "text/cloud-config",
                            "part.0.filename": "",
                            "part.0.merge_type": "",
                            "part.1.content": "",
                            "part.1.content_type": "text/cloud-config",
                            "part.1.filename": "",
                            "part.1.merge_type": "",
                            "rendered": "Content-Type: multipart/mixed; boundary=\"MIMEBOUNDARY\"\nMIME-Version: 1.0\r\n\r\n--MIMEBOUNDARY\r\nContent-Transfer-Encoding: 7bit\r\nContent-Type: text/cloud-config\r\nMime-Version: 1.0\r\n\r\n#cloud-config\nbootcmd:\n  - echo 'SERVER_ENVIRONMENT=production' \u003e\u003e /etc/environment\n  - echo 'SERVER_GROUP=exocom' \u003e\u003e /etc/environment\n  - echo 'SERVER_REGION=us-west-2' \u003e\u003e /etc/environment\n\n  - mkdir -p /etc/ecs\n  - echo 'ECS_CLUSTER=exocom' \u003e\u003e /etc/ecs/ecs.config\n  - echo 'ECS_ENGINE_AUTH_TYPE=' \u003e\u003e /etc/ecs/ecs.config\n  - \u003e\n    echo 'ECS_ENGINE_AUTH_DATA=' \u003e\u003e /etc/ecs/ecs.config\n\r\n--MIMEBOUNDARY\r\nContent-Transfer-Encoding: 7bit\r\nContent-Type: text/cloud-config\r\nMime-Version: 1.0\r\n\r\n\r\n--MIMEBOUNDARY--\r\n"
                        },
                        "meta": {},
                        "tainted": false
                    },
                    "deposed": [],
                    "provider": ""
                },
                "data.template_file.ecs_cloud_config": {
                    "type": "template_file",
                    "depends_on": [],
                    "primary": {
                        "id": "2081760f7c9b192627d8bc885633b8195f53e8d7ee518f4c740e94a102631e99",
                        "attributes": {
                            "id": "2081760f7c9b192627d8bc885633b8195f53e8d7ee518f4c740e94a102631e99",
                            "rendered": "#cloud-config\nbootcmd:\n  - echo 'SERVER_ENVIRONMENT=production' \u003e\u003e /etc/environment\n  - echo 'SERVER_GROUP=exocom' \u003e\u003e /etc/environment\n  - echo 'SERVER_REGION=us-west-2' \u003e\u003e /etc/environment\n\n  - mkdir -p /etc/ecs\n  - echo 'ECS_CLUSTER=exocom' \u003e\u003e /etc/ecs/ecs.config\n  - echo 'ECS_ENGINE_AUTH_TYPE=' \u003e\u003e /etc/ecs/ecs.config\n  - \u003e\n    echo 'ECS_ENGINE_AUTH_DATA=' \u003e\u003e /etc/ecs/ecs.config\n",
                            "template": "#cloud-config\nbootcmd:\n  - echo 'SERVER_ENVIRONMENT=${environment}' \u003e\u003e /etc/environment\n  - echo 'SERVER_GROUP=${name}' \u003e\u003e /etc/environment\n  - echo 'SERVER_REGION=${region}' \u003e\u003e /etc/environment\n\n  - mkdir -p /etc/ecs\n  - echo 'ECS_CLUSTER=${name}' \u003e\u003e /etc/ecs/ecs.config\n  - echo 'ECS_ENGINE_AUTH_TYPE=${docker_auth_type}' \u003e\u003e /etc/ecs/ecs.config\n  - \u003e\n    echo 'ECS_ENGINE_AUTH_DATA=${docker_auth_data}' \u003e\u003e /etc/ecs/ecs.config\n",
                            "vars.%": "5",
                            "vars.docker_auth_data": "",
                            "vars.docker_auth_type": "",
                            "vars.environment": "production",
                            "vars.name": "exocom",
                            "vars.region": "us-west-2"
                        },
                        "meta": {},
                        "tainted": false
                    },
                    "deposed": [],
                    "provider": ""
                }
            },
            "depends_on": []
        },
        {
            "path": [
                "root",
                "exocom_service"
            ],
            "outputs": {},
            "resources": {
                "aws_ecs_service.service": {
                    "type": "aws_ecs_service",
                    "depends_on": [
                        "module.task_definition"
                    ],
                    "primary": {
                        "id": "arn:aws:ecs:us-west-2:518695917306:service/exocom",
                        "attributes": {
                            "cluster": "arn:aws:ecs:us-west-2:518695917306:cluster/exocom",
                            "deployment_maximum_percent": "200",
                            "deployment_minimum_healthy_percent": "100",
                            "desired_count": "1",
                            "id": "arn:aws:ecs:us-west-2:518695917306:service/exocom",
                            "name": "exocom",
                            "placement_constraints.#": "0",
                            "placement_strategy.#": "0",
                            "task_definition": "arn:aws:ecs:us-west-2:518695917306:task-definition/exocom:51"
                        },
                        "meta": {},
                        "tainted": false
                    },
                    "deposed": [],
                    "provider": ""
                }
            },
            "depends_on": []
        },
        {
            "path": [
                "root",
                "exosphere-tweets-service"
            ],
            "outputs": {},
            "resources": {
                "aws_ecs_service.service": {
                    "type": "aws_ecs_service",
                    "depends_on": [
                        "module.task_definition"
                    ],
                    "primary": {
                        "id": "arn:aws:ecs:us-west-2:518695917306:service/exosphere-tweets-service",
                        "attributes": {
                            "cluster": "arn:aws:ecs:us-west-2:518695917306:cluster/production-space-tweet",
                            "deployment_maximum_percent": "200",
                            "deployment_minimum_healthy_percent": "100",
                            "desired_count": "1",
                            "id": "arn:aws:ecs:us-west-2:518695917306:service/exosphere-tweets-service",
                            "name": "exosphere-tweets-service",
                            "placement_constraints.#": "0",
                            "placement_strategy.#": "0",
                            "task_definition": "arn:aws:ecs:us-west-2:518695917306:task-definition/production-exosphere-tweets-service:7"
                        },
                        "meta": {},
                        "tainted": false
                    },
                    "deposed": [],
                    "provider": ""
                }
            },
            "depends_on": []
        },
        {
            "path": [
                "root",
                "exosphere-users-service"
            ],
            "outputs": {},
            "resources": {
                "aws_ecs_service.service": {
                    "type": "aws_ecs_service",
                    "depends_on": [
                        "module.task_definition"
                    ],
                    "primary": {
                        "id": "arn:aws:ecs:us-west-2:518695917306:service/exosphere-users-service",
                        "attributes": {
                            "cluster": "arn:aws:ecs:us-west-2:518695917306:cluster/production-space-tweet",
                            "deployment_maximum_percent": "200",
                            "deployment_minimum_healthy_percent": "100",
                            "desired_count": "1",
                            "id": "arn:aws:ecs:us-west-2:518695917306:service/exosphere-users-service",
                            "name": "exosphere-users-service",
                            "placement_constraints.#": "0",
                            "placement_strategy.#": "0",
                            "task_definition": "arn:aws:ecs:us-west-2:518695917306:task-definition/production-exosphere-users-service:8"
                        },
                        "meta": {},
                        "tainted": false
                    },
                    "deposed": [],
                    "provider": ""
                }
            },
            "depends_on": []
        },
        {
            "path": [
                "root",
                "space-tweet-web-service"
            ],
            "outputs": {},
            "resources": {
                "aws_ecs_service.service": {
                    "type": "aws_ecs_service",
                    "depends_on": [
                        "module.external_alb",
                        "module.task_definition"
                    ],
                    "primary": {
                        "id": "arn:aws:ecs:us-west-2:518695917306:service/space-tweet-web-service",
                        "attributes": {
                            "cluster": "arn:aws:ecs:us-west-2:518695917306:cluster/production-space-tweet",
                            "deployment_maximum_percent": "200",
                            "deployment_minimum_healthy_percent": "100",
                            "desired_count": "1",
                            "iam_role": "arn:aws:iam::518695917306:role/production-space-tweet-ecs-service-role",
                            "id": "arn:aws:ecs:us-west-2:518695917306:service/space-tweet-web-service",
                            "load_balancer.#": "1",
                            "load_balancer.2006842970.container_name": "production-space-tweet-web-service",
                            "load_balancer.2006842970.container_port": "3000",
                            "load_balancer.2006842970.elb_name": "",
                            "load_balancer.2006842970.target_group_arn": "arn:aws:elasticloadbalancing:us-west-2:518695917306:targetgroup/production-space-tweet-web-serv/d320853f7e46535a",
                            "name": "space-tweet-web-service",
                            "placement_constraints.#": "0",
                            "placement_strategy.#": "0",
                            "task_definition": "arn:aws:ecs:us-west-2:518695917306:task-definition/production-space-tweet-web-service:5"
                        },
                        "meta": {},
                        "tainted": false
                    },
                    "deposed": [],
                    "provider": ""
                }
            },
            "depends_on": []
        },
        {
            "path": [
                "root",
                "tweets"
            ],
            "outputs": {},
            "resources": {},
            "depends_on": []
        },
        {
            "path": [
                "root",
                "users"
            ],
            "outputs": {},
            "resources": {},
            "depends_on": []
        },
        {
            "path": [
                "root",
                "web"
            ],
            "outputs": {},
            "resources": {},
            "depends_on": []
        },
        {
            "path": [
                "root",
                "aws",
                "alb_security_groups"
            ],
            "outputs": {
                "external_id": {
                    "sensitive": false,
                    "type": "string",
                    "value": "sg-78ecca02"
                },
                "internal_id": {
                    "sensitive": false,
                    "type": "string",
                    "value": "sg-3eefc944"
                }
            },
            "resources": {
                "aws_security_group.external_alb": {
                    "type": "aws_security_group",
                    "depends_on": [],
                    "primary": {
                        "id": "sg-78ecca02",
                        "attributes": {
                            "description": "Allows all external traffic through the ALB",
                            "egress.#": "1",
                            "egress.482069346.cidr_blocks.#": "1",
                            "egress.482069346.cidr_blocks.0": "0.0.0.0/0",
                            "egress.482069346.from_port": "0",
                            "egress.482069346.ipv6_cidr_blocks.#": "0",
                            "egress.482069346.prefix_list_ids.#": "0",
                            "egress.482069346.protocol": "-1",
                            "egress.482069346.security_groups.#": "0",
                            "egress.482069346.self": "false",
                            "egress.482069346.to_port": "0",
                            "id": "sg-78ecca02",
                            "ingress.#": "2",
                            "ingress.2214680975.cidr_blocks.#": "1",
                            "ingress.2214680975.cidr_blocks.0": "0.0.0.0/0",
                            "ingress.2214680975.from_port": "80",
                            "ingress.2214680975.ipv6_cidr_blocks.#": "0",
                            "ingress.2214680975.protocol": "tcp",
                            "ingress.2214680975.security_groups.#": "0",
                            "ingress.2214680975.self": "false",
                            "ingress.2214680975.to_port": "80",
                            "ingress.2617001939.cidr_blocks.#": "1",
                            "ingress.2617001939.cidr_blocks.0": "0.0.0.0/0",
                            "ingress.2617001939.from_port": "443",
                            "ingress.2617001939.ipv6_cidr_blocks.#": "0",
                            "ingress.2617001939.protocol": "tcp",
                            "ingress.2617001939.security_groups.#": "0",
                            "ingress.2617001939.self": "false",
                            "ingress.2617001939.to_port": "443",
                            "name": "production-space-tweet-external-alb",
                            "owner_id": "518695917306",
                            "tags.%": "2",
                            "tags.Environment": "production",
                            "tags.Name": "production-space-tweet-external-alb",
                            "vpc_id": "vpc-2f5bdc49"
                        },
                        "meta": {},
                        "tainted": false
                    },
                    "deposed": [],
                    "provider": ""
                },
                "aws_security_group.internal_alb": {
                    "type": "aws_security_group",
                    "depends_on": [],
                    "primary": {
                        "id": "sg-3eefc944",
                        "attributes": {
                            "description": "Allows internal VPC traffic through the ALB",
                            "egress.#": "1",
                            "egress.482069346.cidr_blocks.#": "1",
                            "egress.482069346.cidr_blocks.0": "0.0.0.0/0",
                            "egress.482069346.from_port": "0",
                            "egress.482069346.ipv6_cidr_blocks.#": "0",
                            "egress.482069346.prefix_list_ids.#": "0",
                            "egress.482069346.protocol": "-1",
                            "egress.482069346.security_groups.#": "0",
                            "egress.482069346.self": "false",
                            "egress.482069346.to_port": "0",
                            "id": "sg-3eefc944",
                            "ingress.#": "1",
                            "ingress.2165049311.cidr_blocks.#": "1",
                            "ingress.2165049311.cidr_blocks.0": "10.0.0.0/16",
                            "ingress.2165049311.from_port": "80",
                            "ingress.2165049311.ipv6_cidr_blocks.#": "0",
                            "ingress.2165049311.protocol": "tcp",
                            "ingress.2165049311.security_groups.#": "0",
                            "ingress.2165049311.self": "false",
                            "ingress.2165049311.to_port": "80",
                            "name": "production-space-tweet-internal-alb",
                            "owner_id": "518695917306",
                            "tags.%": "2",
                            "tags.Environment": "production",
                            "tags.Name": "production-space-tweet-internal-alb",
                            "vpc_id": "vpc-2f5bdc49"
                        },
                        "meta": {},
                        "tainted": false
                    },
                    "deposed": [],
                    "provider": ""
                }
            },
            "depends_on": []
        },
        {
            "path": [
                "root",
                "aws",
                "cluster"
            ],
            "outputs": {
                "ecs_service_iam_role_arn": {
                    "sensitive": false,
                    "type": "string",
                    "value": "arn:aws:iam::518695917306:role/production-ecs-service-role"
                },
                "id": {
                    "sensitive": false,
                    "type": "string",
                    "value": "arn:aws:ecs:us-west-2:518695917306:cluster/exosphere-cluster"
                },
                "security_group": {
                    "sensitive": false,
                    "type": "string",
                    "value": "sg-33fa3249"
                }
            },
            "resources": {},
            "depends_on": []
        },
        {
            "path": [
                "root",
                "aws",
                "dhcp"
            ],
            "outputs": {},
            "resources": {},
            "depends_on": []
        },
        {
            "path": [
                "root",
                "aws",
                "dns"
            ],
            "outputs": {
                "name": {
                    "sensitive": false,
                    "type": "string",
                    "value": "space-tweet.local"
                },
                "name_servers": {
                    "sensitive": false,
                    "type": "string",
                    "value": "ns-0.awsdns-00.com.,ns-1024.awsdns-00.org.,ns-1536.awsdns-00.co.uk.,ns-512.awsdns-00.net."
                },
                "zone_id": {
                    "sensitive": false,
                    "type": "string",
                    "value": "Z1CCFSVUOJYML4"
                }
            },
            "resources": {},
            "depends_on": []
        },
        {
            "path": [
                "root",
                "aws",
                "ecs_cluster"
            ],
            "outputs": {
                "ecs_service_iam_role_arn": {
                    "sensitive": false,
                    "type": "string",
                    "value": "arn:aws:iam::518695917306:role/production-space-tweet-ecs-service-role"
                },
                "id": {
                    "sensitive": false,
                    "type": "string",
                    "value": "arn:aws:ecs:us-west-2:518695917306:cluster/production-space-tweet"
                },
                "security_group": {
                    "sensitive": false,
                    "type": "string",
                    "value": "sg-03edcb79"
                }
            },
            "resources": {
                "aws_autoscaling_group.cluster": {
                    "type": "aws_autoscaling_group",
                    "depends_on": [
                        "aws_launch_configuration.cluster"
                    ],
                    "primary": {
                        "id": "production-space-tweet",
                        "attributes": {
                            "arn": "arn:aws:autoscaling:us-west-2:518695917306:autoScalingGroup:e3b7a84c-e38b-49c7-b59d-6437c0ed99aa:autoScalingGroupName/production-space-tweet",
                            "availability_zones.#": "3",
                            "availability_zones.2050015877": "us-west-2c",
                            "availability_zones.221770259": "us-west-2b",
                            "availability_zones.2487133097": "us-west-2a",
                            "default_cooldown": "300",
                            "desired_capacity": "3",
                            "force_delete": "false",
                            "health_check_grace_period": "300",
                            "health_check_type": "EC2",
                            "id": "production-space-tweet",
                            "launch_configuration": "production-space-tweet-001b15e8b381b5da4cfa46da0c",
                            "load_balancers.#": "0",
                            "max_size": "100",
                            "metrics_granularity": "1Minute",
                            "min_size": "3",
                            "name": "production-space-tweet",
                            "placement_group": "",
                            "protect_from_scale_in": "false",
                            "suspended_processes.#": "0",
                            "tag.#": "3",
                            "tag.2275333499.key": "Name",
                            "tag.2275333499.propagate_at_launch": "true",
                            "tag.2275333499.value": "production-space-tweet",
                            "tag.2824889694.key": "Cluster",
                            "tag.2824889694.propagate_at_launch": "true",
                            "tag.2824889694.value": "production-space-tweet",
                            "tag.717846360.key": "Environment",
                            "tag.717846360.propagate_at_launch": "true",
                            "tag.717846360.value": "production",
                            "target_group_arns.#": "0",
                            "termination_policies.#": "2",
                            "termination_policies.0": "OldestLaunchConfiguration",
                            "termination_policies.1": "Default",
                            "vpc_zone_identifier.#": "3",
                            "vpc_zone_identifier.1334844064": "subnet-b54d9bd3",
                            "vpc_zone_identifier.3589506894": "subnet-881b7bd3",
                            "vpc_zone_identifier.3731915093": "subnet-9c58b3d4",
                            "wait_for_capacity_timeout": "10m"
                        },
                        "meta": {
                            "e2bfb730-ecaa-11e6-8f88-34363bc7c4c0": {
                                "delete": 600000000000
                            }
                        },
                        "tainted": false
                    },
                    "deposed": [],
                    "provider": ""
                },
                "aws_autoscaling_policy.scale_down": {
                    "type": "aws_autoscaling_policy",
                    "depends_on": [
                        "aws_autoscaling_group.cluster"
                    ],
                    "primary": {
                        "id": "production-space-tweet-scaledown",
                        "attributes": {
                            "adjustment_type": "ChangeInCapacity",
                            "arn": "arn:aws:autoscaling:us-west-2:518695917306:scalingPolicy:8a54a0ec-b1d5-4d4f-9ab2-58613e6a1e81:autoScalingGroupName/production-space-tweet:policyName/production-space-tweet-scaledown",
                            "autoscaling_group_name": "production-space-tweet",
                            "cooldown": "300",
                            "estimated_instance_warmup": "0",
                            "id": "production-space-tweet-scaledown",
                            "metric_aggregation_type": "",
                            "min_adjustment_step": "0",
                            "name": "production-space-tweet-scaledown",
                            "policy_type": "SimpleScaling",
                            "scaling_adjustment": "-1",
                            "step_adjustment.#": "0"
                        },
                        "meta": {},
                        "tainted": false
                    },
                    "deposed": [],
                    "provider": ""
                },
                "aws_autoscaling_policy.scale_up": {
                    "type": "aws_autoscaling_policy",
                    "depends_on": [
                        "aws_autoscaling_group.cluster"
                    ],
                    "primary": {
                        "id": "production-space-tweet-scaleup",
                        "attributes": {
                            "adjustment_type": "ChangeInCapacity",
                            "arn": "arn:aws:autoscaling:us-west-2:518695917306:scalingPolicy:2bd64dd4-68b9-4fbc-b0d0-ee7304d767ad:autoScalingGroupName/production-space-tweet:policyName/production-space-tweet-scaleup",
                            "autoscaling_group_name": "production-space-tweet",
                            "cooldown": "300",
                            "estimated_instance_warmup": "0",
                            "id": "production-space-tweet-scaleup",
                            "metric_aggregation_type": "",
                            "min_adjustment_step": "0",
                            "name": "production-space-tweet-scaleup",
                            "policy_type": "SimpleScaling",
                            "scaling_adjustment": "1",
                            "step_adjustment.#": "0"
                        },
                        "meta": {},
                        "tainted": false
                    },
                    "deposed": [],
                    "provider": ""
                },
                "aws_cloudwatch_metric_alarm.cpu_high": {
                    "type": "aws_cloudwatch_metric_alarm",
                    "depends_on": [
                        "aws_autoscaling_policy.scale_up",
                        "aws_ecs_cluster.cluster"
                    ],
                    "primary": {
                        "id": "production-space-tweet-cpureservation-high",
                        "attributes": {
                            "actions_enabled": "true",
                            "alarm_actions.#": "1",
                            "alarm_actions.2852313815": "arn:aws:autoscaling:us-west-2:518695917306:scalingPolicy:2bd64dd4-68b9-4fbc-b0d0-ee7304d767ad:autoScalingGroupName/production-space-tweet:policyName/production-space-tweet-scaleup",
                            "alarm_description": "Scale up if the cpu reservation is above 90% for 10 minutes",
                            "alarm_name": "production-space-tweet-cpureservation-high",
                            "comparison_operator": "GreaterThanOrEqualToThreshold",
                            "dimensions.%": "1",
                            "dimensions.ClusterName": "production-space-tweet",
                            "evaluate_low_sample_count_percentiles": "",
                            "evaluation_periods": "2",
                            "extended_statistic": "",
                            "id": "production-space-tweet-cpureservation-high",
                            "insufficient_data_actions.#": "0",
                            "metric_name": "CPUReservation",
                            "namespace": "AWS/ECS",
                            "ok_actions.#": "0",
                            "period": "300",
                            "statistic": "Maximum",
                            "threshold": "90",
                            "treat_missing_data": "missing",
                            "unit": ""
                        },
                        "meta": {
                            "schema_version": "1"
                        },
                        "tainted": false
                    },
                    "deposed": [],
                    "provider": ""
                },
                "aws_cloudwatch_metric_alarm.cpu_low": {
                    "type": "aws_cloudwatch_metric_alarm",
                    "depends_on": [
                        "aws_autoscaling_policy.scale_down",
                        "aws_cloudwatch_metric_alarm.memory_high",
                        "aws_ecs_cluster.cluster"
                    ],
                    "primary": {
                        "id": "production-space-tweet-cpureservation-low",
                        "attributes": {
                            "actions_enabled": "true",
                            "alarm_actions.#": "1",
                            "alarm_actions.436481112": "arn:aws:autoscaling:us-west-2:518695917306:scalingPolicy:8a54a0ec-b1d5-4d4f-9ab2-58613e6a1e81:autoScalingGroupName/production-space-tweet:policyName/production-space-tweet-scaledown",
                            "alarm_description": "Scale down if the cpu reservation is below 10% for 10 minutes",
                            "alarm_name": "production-space-tweet-cpureservation-low",
                            "comparison_operator": "LessThanOrEqualToThreshold",
                            "dimensions.%": "1",
                            "dimensions.ClusterName": "production-space-tweet",
                            "evaluate_low_sample_count_percentiles": "",
                            "evaluation_periods": "2",
                            "extended_statistic": "",
                            "id": "production-space-tweet-cpureservation-low",
                            "insufficient_data_actions.#": "0",
                            "metric_name": "CPUReservation",
                            "namespace": "AWS/ECS",
                            "ok_actions.#": "0",
                            "period": "300",
                            "statistic": "Maximum",
                            "threshold": "10",
                            "treat_missing_data": "missing",
                            "unit": ""
                        },
                        "meta": {
                            "schema_version": "1"
                        },
                        "tainted": false
                    },
                    "deposed": [],
                    "provider": ""
                },
                "aws_cloudwatch_metric_alarm.memory_high": {
                    "type": "aws_cloudwatch_metric_alarm",
                    "depends_on": [
                        "aws_autoscaling_policy.scale_up",
                        "aws_cloudwatch_metric_alarm.cpu_high",
                        "aws_ecs_cluster.cluster"
                    ],
                    "primary": {
                        "id": "production-space-tweet-memoryreservation-high",
                        "attributes": {
                            "actions_enabled": "true",
                            "alarm_actions.#": "1",
                            "alarm_actions.2852313815": "arn:aws:autoscaling:us-west-2:518695917306:scalingPolicy:2bd64dd4-68b9-4fbc-b0d0-ee7304d767ad:autoScalingGroupName/production-space-tweet:policyName/production-space-tweet-scaleup",
                            "alarm_description": "Scale up if the memory reservation is above 90% for 10 minutes",
                            "alarm_name": "production-space-tweet-memoryreservation-high",
                            "comparison_operator": "GreaterThanOrEqualToThreshold",
                            "dimensions.%": "1",
                            "dimensions.ClusterName": "production-space-tweet",
                            "evaluate_low_sample_count_percentiles": "",
                            "evaluation_periods": "2",
                            "extended_statistic": "",
                            "id": "production-space-tweet-memoryreservation-high",
                            "insufficient_data_actions.#": "0",
                            "metric_name": "MemoryReservation",
                            "namespace": "AWS/ECS",
                            "ok_actions.#": "0",
                            "period": "300",
                            "statistic": "Maximum",
                            "threshold": "90",
                            "treat_missing_data": "missing",
                            "unit": ""
                        },
                        "meta": {
                            "schema_version": "1"
                        },
                        "tainted": false
                    },
                    "deposed": [],
                    "provider": ""
                },
                "aws_cloudwatch_metric_alarm.memory_low": {
                    "type": "aws_cloudwatch_metric_alarm",
                    "depends_on": [
                        "aws_autoscaling_policy.scale_down",
                        "aws_cloudwatch_metric_alarm.cpu_low",
                        "aws_ecs_cluster.cluster"
                    ],
                    "primary": {
                        "id": "production-space-tweet-memoryreservation-low",
                        "attributes": {
                            "actions_enabled": "true",
                            "alarm_actions.#": "1",
                            "alarm_actions.436481112": "arn:aws:autoscaling:us-west-2:518695917306:scalingPolicy:8a54a0ec-b1d5-4d4f-9ab2-58613e6a1e81:autoScalingGroupName/production-space-tweet:policyName/production-space-tweet-scaledown",
                            "alarm_description": "Scale down if the memory reservation is below 10% for 10 minutes",
                            "alarm_name": "production-space-tweet-memoryreservation-low",
                            "comparison_operator": "LessThanOrEqualToThreshold",
                            "dimensions.%": "1",
                            "dimensions.ClusterName": "production-space-tweet",
                            "evaluate_low_sample_count_percentiles": "",
                            "evaluation_periods": "2",
                            "extended_statistic": "",
                            "id": "production-space-tweet-memoryreservation-low",
                            "insufficient_data_actions.#": "0",
                            "metric_name": "MemoryReservation",
                            "namespace": "AWS/ECS",
                            "ok_actions.#": "0",
                            "period": "300",
                            "statistic": "Maximum",
                            "threshold": "10",
                            "treat_missing_data": "missing",
                            "unit": ""
                        },
                        "meta": {
                            "schema_version": "1"
                        },
                        "tainted": false
                    },
                    "deposed": [],
                    "provider": ""
                },
                "aws_ecs_cluster.cluster": {
                    "type": "aws_ecs_cluster",
                    "depends_on": [],
                    "primary": {
                        "id": "arn:aws:ecs:us-west-2:518695917306:cluster/production-space-tweet",
                        "attributes": {
                            "id": "arn:aws:ecs:us-west-2:518695917306:cluster/production-space-tweet",
                            "name": "production-space-tweet"
                        },
                        "meta": {},
                        "tainted": false
                    },
                    "deposed": [],
                    "provider": ""
                },
                "aws_iam_instance_profile.ecs_instance": {
                    "type": "aws_iam_instance_profile",
                    "depends_on": [
                        "aws_iam_role.ecs_instance"
                    ],
                    "primary": {
                        "id": "production-space-tweet-ecs-instance-profile",
                        "attributes": {
                            "arn": "arn:aws:iam::518695917306:instance-profile/production-space-tweet-ecs-instance-profile",
                            "id": "production-space-tweet-ecs-instance-profile",
                            "name": "production-space-tweet-ecs-instance-profile",
                            "path": "/",
                            "role": "production-space-tweet-ecs-instance-role",
                            "roles.#": "1",
                            "roles.2534177769": "production-space-tweet-ecs-instance-role",
                            "unique_id": "AIPAJMGPOOY75J2MZUR2S"
                        },
                        "meta": {},
                        "tainted": false
                    },
                    "deposed": [],
                    "provider": ""
                },
                "aws_iam_role.ecs_instance": {
                    "type": "aws_iam_role",
                    "depends_on": [],
                    "primary": {
                        "id": "production-space-tweet-ecs-instance-role",
                        "attributes": {
                            "arn": "arn:aws:iam::518695917306:role/production-space-tweet-ecs-instance-role",
                            "assume_role_policy": "{\"Version\":\"2008-10-17\",\"Statement\":[{\"Effect\":\"Allow\",\"Principal\":{\"Service\":[\"ec2.amazonaws.com\",\"ecs.amazonaws.com\"]},\"Action\":\"sts:AssumeRole\"}]}",
                            "create_date": "2017-08-24T17:49:55Z",
                            "force_detach_policies": "false",
                            "id": "production-space-tweet-ecs-instance-role",
                            "name": "production-space-tweet-ecs-instance-role",
                            "path": "/",
                            "unique_id": "AROAJKB4IYY7J4GRBJQ6A"
                        },
                        "meta": {},
                        "tainted": false
                    },
                    "deposed": [],
                    "provider": ""
                },
                "aws_iam_role.ecs_service": {
                    "type": "aws_iam_role",
                    "depends_on": [],
                    "primary": {
                        "id": "production-space-tweet-ecs-service-role",
                        "attributes": {
                            "arn": "arn:aws:iam::518695917306:role/production-space-tweet-ecs-service-role",
                            "assume_role_policy": "{\"Version\":\"2008-10-17\",\"Statement\":[{\"Effect\":\"Allow\",\"Principal\":{\"Service\":[\"ec2.amazonaws.com\",\"ecs.amazonaws.com\"]},\"Action\":\"sts:AssumeRole\"}]}",
                            "create_date": "2017-08-24T17:49:54Z",
                            "force_detach_policies": "false",
                            "id": "production-space-tweet-ecs-service-role",
                            "name": "production-space-tweet-ecs-service-role",
                            "path": "/",
                            "unique_id": "AROAJPH5PAIMOKD53I6CQ"
                        },
                        "meta": {},
                        "tainted": false
                    },
                    "deposed": [],
                    "provider": ""
                },
                "aws_iam_role_policy.ecs_instance": {
                    "type": "aws_iam_role_policy",
                    "depends_on": [
                        "aws_iam_role.ecs_instance"
                    ],
                    "primary": {
                        "id": "production-space-tweet-ecs-instance-role:production-space-tweet-ecs-instance-role-policy",
                        "attributes": {
                            "id": "production-space-tweet-ecs-instance-role:production-space-tweet-ecs-instance-role-policy",
                            "name": "production-space-tweet-ecs-instance-role-policy",
                            "policy": "{\n  \"Version\": \"2012-10-17\",\n  \"Statement\": [\n    {\n      \"Effect\": \"Allow\",\n      \"Action\": [\n        \"ecs:CreateCluster\",\n        \"ecs:DeregisterContainerInstance\",\n        \"ecs:DiscoverPollEndpoint\",\n        \"ecs:Poll\",\n        \"ecs:RegisterContainerInstance\",\n        \"ecs:StartTelemetrySession\",\n        \"ecs:Submit*\",\n        \"ecr:GetAuthorizationToken\",\n        \"ecr:BatchCheckLayerAvailability\",\n        \"ecr:GetDownloadUrlForLayer\",\n        \"ecr:BatchGetImage\",\n        \"ecs:StartTask\",\n        \"autoscaling:*\"\n      ],\n      \"Resource\": \"*\"\n    },\n    {\n      \"Effect\": \"Allow\",\n      \"Action\": [\n        \"logs:CreateLogGroup\",\n        \"logs:CreateLogStream\",\n        \"logs:PutLogEvents\",\n        \"logs:DescribeLogStreams\"\n      ],\n      \"Resource\": \"arn:aws:logs:*:*:*\"\n    }\n  ]\n}\n",
                            "role": "production-space-tweet-ecs-instance-role"
                        },
                        "meta": {},
                        "tainted": false
                    },
                    "deposed": [],
                    "provider": ""
                },
                "aws_iam_role_policy.ecs_service": {
                    "type": "aws_iam_role_policy",
                    "depends_on": [
                        "aws_iam_role.ecs_service"
                    ],
                    "primary": {
                        "id": "production-space-tweet-ecs-service-role:production-space-tweet-ecs-service-role-policy",
                        "attributes": {
                            "id": "production-space-tweet-ecs-service-role:production-space-tweet-ecs-service-role-policy",
                            "name": "production-space-tweet-ecs-service-role-policy",
                            "policy": "{\n  \"Version\": \"2012-10-17\",\n  \"Statement\": [\n    {\n      \"Effect\": \"Allow\",\n      \"Action\": [\n        \"ec2:AuthorizeSecurityGroupIngress\",\n        \"ec2:Describe*\",\n        \"elasticloadbalancing:DeregisterInstancesFromLoadBalancer\",\n        \"elasticloadbalancing:DeregisterTargets\",\n        \"elasticloadbalancing:Describe*\",\n        \"elasticloadbalancing:RegisterInstancesWithLoadBalancer\",\n        \"elasticloadbalancing:RegisterTargets\"\n      ],\n      \"Resource\": \"*\"\n    }\n  ]\n}\n",
                            "role": "production-space-tweet-ecs-service-role"
                        },
                        "meta": {},
                        "tainted": false
                    },
                    "deposed": [],
                    "provider": ""
                },
                "aws_launch_configuration.cluster": {
                    "type": "aws_launch_configuration",
                    "depends_on": [
                        "aws_iam_instance_profile.ecs_instance",
                        "aws_security_group.cluster",
                        "data.aws_ami.ecs_optimized",
                        "data.template_cloudinit_config.cloud_config"
                    ],
                    "primary": {
                        "id": "production-space-tweet-001b15e8b381b5da4cfa46da0c",
                        "attributes": {
                            "associate_public_ip_address": "false",
                            "ebs_block_device.#": "1",
                            "ebs_block_device.3154254213.delete_on_termination": "true",
                            "ebs_block_device.3154254213.device_name": "/dev/xvdcz",
                            "ebs_block_device.3154254213.encrypted": "false",
                            "ebs_block_device.3154254213.iops": "0",
                            "ebs_block_device.3154254213.snapshot_id": "",
                            "ebs_block_device.3154254213.volume_size": "25",
                            "ebs_block_device.3154254213.volume_type": "gp2",
                            "ebs_optimized": "false",
                            "enable_monitoring": "true",
                            "ephemeral_block_device.#": "0",
                            "iam_instance_profile": "arn:aws:iam::518695917306:instance-profile/production-space-tweet-ecs-instance-profile",
                            "id": "production-space-tweet-001b15e8b381b5da4cfa46da0c",
                            "image_id": "ami-57d9cd2e",
                            "instance_type": "t2.micro",
                            "key_name": "hugo",
                            "name": "production-space-tweet-001b15e8b381b5da4cfa46da0c",
                            "name_prefix": "production-space-tweet-",
                            "root_block_device.#": "1",
                            "root_block_device.0.delete_on_termination": "true",
                            "root_block_device.0.iops": "0",
                            "root_block_device.0.volume_size": "25",
                            "root_block_device.0.volume_type": "gp2",
                            "security_groups.#": "1",
                            "security_groups.3385668522": "sg-03edcb79",
                            "spot_price": "",
                            "user_data": "98a2a4fca6f97de97c74e9e1181d5c7ac18e82ae",
                            "vpc_classic_link_id": "",
                            "vpc_classic_link_security_groups.#": "0"
                        },
                        "meta": {},
                        "tainted": false
                    },
                    "deposed": [],
                    "provider": ""
                },
                "aws_security_group.cluster": {
                    "type": "aws_security_group",
                    "depends_on": [],
                    "primary": {
                        "id": "sg-03edcb79",
                        "attributes": {
                            "description": "Allows traffic from and to the EC2 instances of the production-space-tweet ECS cluster",
                            "egress.#": "1",
                            "egress.482069346.cidr_blocks.#": "1",
                            "egress.482069346.cidr_blocks.0": "0.0.0.0/0",
                            "egress.482069346.from_port": "0",
                            "egress.482069346.ipv6_cidr_blocks.#": "0",
                            "egress.482069346.prefix_list_ids.#": "0",
                            "egress.482069346.protocol": "-1",
                            "egress.482069346.security_groups.#": "0",
                            "egress.482069346.self": "false",
                            "egress.482069346.to_port": "0",
                            "id": "sg-03edcb79",
                            "ingress.#": "2",
                            "ingress.1471869604.cidr_blocks.#": "0",
                            "ingress.1471869604.from_port": "0",
                            "ingress.1471869604.ipv6_cidr_blocks.#": "0",
                            "ingress.1471869604.protocol": "-1",
                            "ingress.1471869604.security_groups.#": "2",
                            "ingress.1471869604.security_groups.1223841163": "sg-3eefc944",
                            "ingress.1471869604.security_groups.2851750735": "sg-78ecca02",
                            "ingress.1471869604.self": "false",
                            "ingress.1471869604.to_port": "0",
                            "ingress.852943642.cidr_blocks.#": "0",
                            "ingress.852943642.from_port": "22",
                            "ingress.852943642.ipv6_cidr_blocks.#": "0",
                            "ingress.852943642.protocol": "tcp",
                            "ingress.852943642.security_groups.#": "1",
                            "ingress.852943642.security_groups.1515483613": "sg-c8efc9b2",
                            "ingress.852943642.self": "false",
                            "ingress.852943642.to_port": "22",
                            "name": "production-space-tweet-ecs-cluster",
                            "owner_id": "518695917306",
                            "tags.%": "2",
                            "tags.Environment": "production",
                            "tags.Name": "production-space-tweet-ecs-cluster",
                            "vpc_id": "vpc-2f5bdc49"
                        },
                        "meta": {},
                        "tainted": false
                    },
                    "deposed": [],
                    "provider": ""
                },
                "data.aws_ami.ecs_optimized": {
                    "type": "aws_ami",
                    "depends_on": [],
                    "primary": {
                        "id": "ami-57d9cd2e",
                        "attributes": {
                            "architecture": "x86_64",
                            "block_device_mappings.#": "2",
                            "block_device_mappings.2538004115.device_name": "/dev/xvdcz",
                            "block_device_mappings.2538004115.ebs.%": "5",
                            "block_device_mappings.2538004115.ebs.delete_on_termination": "true",
                            "block_device_mappings.2538004115.ebs.encrypted": "false",
                            "block_device_mappings.2538004115.ebs.iops": "0",
                            "block_device_mappings.2538004115.ebs.volume_size": "22",
                            "block_device_mappings.2538004115.ebs.volume_type": "gp2",
                            "block_device_mappings.2538004115.no_device": "",
                            "block_device_mappings.2538004115.virtual_name": "",
                            "block_device_mappings.340275815.device_name": "/dev/xvda",
                            "block_device_mappings.340275815.ebs.%": "6",
                            "block_device_mappings.340275815.ebs.delete_on_termination": "true",
                            "block_device_mappings.340275815.ebs.encrypted": "false",
                            "block_device_mappings.340275815.ebs.iops": "0",
                            "block_device_mappings.340275815.ebs.snapshot_id": "snap-049efa3769408f9e3",
                            "block_device_mappings.340275815.ebs.volume_size": "8",
                            "block_device_mappings.340275815.ebs.volume_type": "gp2",
                            "block_device_mappings.340275815.no_device": "",
                            "block_device_mappings.340275815.virtual_name": "",
                            "creation_date": "2017-06-23T16:44:34.000Z",
                            "description": "Amazon Linux AMI 2017.03.d x86_64 ECS HVM GP2",
                            "filter.#": "2",
                            "filter.461301290.name": "name",
                            "filter.461301290.values.#": "1",
                            "filter.461301290.values.0": "amzn-ami-2017.03.d-amazon-ecs-optimized",
                            "filter.574890044.name": "owner-alias",
                            "filter.574890044.values.#": "1",
                            "filter.574890044.values.0": "amazon",
                            "hypervisor": "xen",
                            "id": "ami-57d9cd2e",
                            "image_id": "ami-57d9cd2e",
                            "image_location": "amazon/amzn-ami-2017.03.d-amazon-ecs-optimized",
                            "image_owner_alias": "amazon",
                            "image_type": "machine",
                            "most_recent": "true",
                            "name": "amzn-ami-2017.03.d-amazon-ecs-optimized",
                            "owner_id": "591542846629",
                            "product_codes.#": "0",
                            "public": "true",
                            "root_device_name": "/dev/xvda",
                            "root_device_type": "ebs",
                            "sriov_net_support": "simple",
                            "state": "available",
                            "state_reason.%": "2",
                            "state_reason.code": "UNSET",
                            "state_reason.message": "UNSET",
                            "tags.#": "0",
                            "virtualization_type": "hvm"
                        },
                        "meta": {},
                        "tainted": false
                    },
                    "deposed": [],
                    "provider": ""
                },
                "data.template_cloudinit_config.cloud_config": {
                    "type": "template_cloudinit_config",
                    "depends_on": [
                        "data.template_file.ecs_cloud_config"
                    ],
                    "primary": {
                        "id": "564839551",
                        "attributes": {
                            "base64_encode": "false",
                            "gzip": "false",
                            "id": "564839551",
                            "part.#": "2",
                            "part.0.content": "#cloud-config\nbootcmd:\n  - echo 'SERVER_ENVIRONMENT=production' \u003e\u003e /etc/environment\n  - echo 'SERVER_GROUP=production-space-tweet' \u003e\u003e /etc/environment\n  - echo 'SERVER_REGION=us-west-2' \u003e\u003e /etc/environment\n\n  - mkdir -p /etc/ecs\n  - echo 'ECS_CLUSTER=production-space-tweet' \u003e\u003e /etc/ecs/ecs.config\n  - echo 'ECS_AVAILABLE_LOGGING_DRIVERS=[\"awslogs\"]' \u003e\u003e /etc/ecs/ecs.config\n  - echo 'ECS_ENGINE_AUTH_TYPE=' \u003e\u003e /etc/ecs/ecs.config\n  - \u003e\n    echo 'ECS_ENGINE_AUTH_DATA=' \u003e\u003e /etc/ecs/ecs.config\n",
                            "part.0.content_type": "text/cloud-config",
                            "part.0.filename": "",
                            "part.0.merge_type": "",
                            "part.1.content": "",
                            "part.1.content_type": "text/cloud-config",
                            "part.1.filename": "",
                            "part.1.merge_type": "",
                            "rendered": "Content-Type: multipart/mixed; boundary=\"MIMEBOUNDARY\"\nMIME-Version: 1.0\r\n\r\n--MIMEBOUNDARY\r\nContent-Transfer-Encoding: 7bit\r\nContent-Type: text/cloud-config\r\nMime-Version: 1.0\r\n\r\n#cloud-config\nbootcmd:\n  - echo 'SERVER_ENVIRONMENT=production' \u003e\u003e /etc/environment\n  - echo 'SERVER_GROUP=production-space-tweet' \u003e\u003e /etc/environment\n  - echo 'SERVER_REGION=us-west-2' \u003e\u003e /etc/environment\n\n  - mkdir -p /etc/ecs\n  - echo 'ECS_CLUSTER=production-space-tweet' \u003e\u003e /etc/ecs/ecs.config\n  - echo 'ECS_AVAILABLE_LOGGING_DRIVERS=[\"awslogs\"]' \u003e\u003e /etc/ecs/ecs.config\n  - echo 'ECS_ENGINE_AUTH_TYPE=' \u003e\u003e /etc/ecs/ecs.config\n  - \u003e\n    echo 'ECS_ENGINE_AUTH_DATA=' \u003e\u003e /etc/ecs/ecs.config\n\r\n--MIMEBOUNDARY\r\nContent-Transfer-Encoding: 7bit\r\nContent-Type: text/cloud-config\r\nMime-Version: 1.0\r\n\r\n\r\n--MIMEBOUNDARY--\r\n"
                        },
                        "meta": {},
                        "tainted": false
                    },
                    "deposed": [],
                    "provider": ""
                },
                "data.template_file.ecs_cloud_config": {
                    "type": "template_file",
                    "depends_on": [
                        "aws_ecs_cluster.cluster"
                    ],
                    "primary": {
                        "id": "888246cad81595515743390804232b0ce7aff86f7948682a3ec6ca4f01263850",
                        "attributes": {
                            "id": "888246cad81595515743390804232b0ce7aff86f7948682a3ec6ca4f01263850",
                            "rendered": "#cloud-config\nbootcmd:\n  - echo 'SERVER_ENVIRONMENT=production' \u003e\u003e /etc/environment\n  - echo 'SERVER_GROUP=production-space-tweet' \u003e\u003e /etc/environment\n  - echo 'SERVER_REGION=us-west-2' \u003e\u003e /etc/environment\n\n  - mkdir -p /etc/ecs\n  - echo 'ECS_CLUSTER=production-space-tweet' \u003e\u003e /etc/ecs/ecs.config\n  - echo 'ECS_AVAILABLE_LOGGING_DRIVERS=[\"awslogs\"]' \u003e\u003e /etc/ecs/ecs.config\n  - echo 'ECS_ENGINE_AUTH_TYPE=' \u003e\u003e /etc/ecs/ecs.config\n  - \u003e\n    echo 'ECS_ENGINE_AUTH_DATA=' \u003e\u003e /etc/ecs/ecs.config\n",
                            "template": "#cloud-config\nbootcmd:\n  - echo 'SERVER_ENVIRONMENT=${environment}' \u003e\u003e /etc/environment\n  - echo 'SERVER_GROUP=${name}' \u003e\u003e /etc/environment\n  - echo 'SERVER_REGION=${region}' \u003e\u003e /etc/environment\n\n  - mkdir -p /etc/ecs\n  - echo 'ECS_CLUSTER=${name}' \u003e\u003e /etc/ecs/ecs.config\n  - echo 'ECS_AVAILABLE_LOGGING_DRIVERS=[\"awslogs\"]' \u003e\u003e /etc/ecs/ecs.config\n  - echo 'ECS_ENGINE_AUTH_TYPE=${docker_auth_type}' \u003e\u003e /etc/ecs/ecs.config\n  - \u003e\n    echo 'ECS_ENGINE_AUTH_DATA=${docker_auth_data}' \u003e\u003e /etc/ecs/ecs.config\n",
                            "vars.%": "5",
                            "vars.docker_auth_data": "",
                            "vars.docker_auth_type": "",
                            "vars.environment": "production",
                            "vars.name": "production-space-tweet",
                            "vars.region": "us-west-2"
                        },
                        "meta": {},
                        "tainted": false
                    },
                    "deposed": [],
                    "provider": ""
                }
            },
            "depends_on": []
        },
        {
            "path": [
                "root",
                "aws",
                "external_dns"
            ],
            "outputs": {
                "zone_id": {
                    "sensitive": false,
                    "type": "string",
                    "value": "ZCRIZB0K6Y7E"
                }
            },
            "resources": {
                "aws_route53_zone.zone": {
                    "type": "aws_route53_zone",
                    "depends_on": [],
                    "primary": {
                        "id": "ZCRIZB0K6Y7E",
                        "attributes": {
                            "comment": "production-spacetweet.originate.com",
                            "force_destroy": "false",
                            "id": "ZCRIZB0K6Y7E",
                            "name": "spacetweet.originate.com",
                            "name_servers.#": "4",
                            "name_servers.0": "ns-0.awsdns-00.com.",
                            "name_servers.1": "ns-1024.awsdns-00.org.",
                            "name_servers.2": "ns-1536.awsdns-00.co.uk.",
                            "name_servers.3": "ns-512.awsdns-00.net.",
                            "tags.%": "0",
                            "vpc_id": "vpc-2f5bdc49",
                            "vpc_region": "us-west-2",
                            "zone_id": "ZCRIZB0K6Y7E"
                        },
                        "meta": {},
                        "tainted": false
                    },
                    "deposed": [],
                    "provider": ""
                },
                "aws_vpc_dhcp_options.dns_resolver": {
                    "type": "aws_vpc_dhcp_options",
                    "depends_on": [],
                    "primary": {
                        "id": "dopt-1c04fe7a",
                        "attributes": {
                            "domain_name": "spacetweet.originate.com",
                            "domain_name_servers.#": "1",
                            "domain_name_servers.0": "10.0.0.2",
                            "id": "dopt-1c04fe7a",
                            "tags.%": "2",
                            "tags.Environment": "production",
                            "tags.Name": "spacetweet.originate.com"
                        },
                        "meta": {},
                        "tainted": false
                    },
                    "deposed": [],
                    "provider": ""
                },
                "aws_vpc_dhcp_options_association.dns_resolver": {
                    "type": "aws_vpc_dhcp_options_association",
                    "depends_on": [
                        "aws_vpc_dhcp_options.dns_resolver"
                    ],
                    "primary": {
                        "id": "dopt-1c04fe7a-vpc-2f5bdc49",
                        "attributes": {
                            "dhcp_options_id": "dopt-1c04fe7a",
                            "id": "dopt-1c04fe7a-vpc-2f5bdc49",
                            "vpc_id": "vpc-2f5bdc49"
                        },
                        "meta": {},
                        "tainted": false
                    },
                    "deposed": [],
                    "provider": ""
                }
            },
            "depends_on": []
        },
        {
            "path": [
                "root",
                "aws",
                "internal_dns"
            ],
            "outputs": {
                "zone_id": {
                    "sensitive": false,
                    "type": "string",
                    "value": "Z1EDS52KVM49Z9"
                }
            },
            "resources": {
                "aws_route53_zone.zone": {
                    "type": "aws_route53_zone",
                    "depends_on": [],
                    "primary": {
                        "id": "Z1EDS52KVM49Z9",
                        "attributes": {
                            "comment": "production-space-tweet.local",
                            "force_destroy": "false",
                            "id": "Z1EDS52KVM49Z9",
                            "name": "space-tweet.local",
                            "name_servers.#": "4",
                            "name_servers.0": "ns-0.awsdns-00.com.",
                            "name_servers.1": "ns-1024.awsdns-00.org.",
                            "name_servers.2": "ns-1536.awsdns-00.co.uk.",
                            "name_servers.3": "ns-512.awsdns-00.net.",
                            "tags.%": "0",
                            "vpc_id": "vpc-2f5bdc49",
                            "vpc_region": "us-west-2",
                            "zone_id": "Z1EDS52KVM49Z9"
                        },
                        "meta": {},
                        "tainted": false
                    },
                    "deposed": [],
                    "provider": ""
                },
                "aws_vpc_dhcp_options.dns_resolver": {
                    "type": "aws_vpc_dhcp_options",
                    "depends_on": [],
                    "primary": {
                        "id": "dopt-3c07fd5a",
                        "attributes": {
                            "domain_name": "space-tweet.local",
                            "domain_name_servers.#": "1",
                            "domain_name_servers.0": "10.0.0.2",
                            "id": "dopt-3c07fd5a",
                            "tags.%": "2",
                            "tags.Environment": "production",
                            "tags.Name": "space-tweet.local"
                        },
                        "meta": {},
                        "tainted": false
                    },
                    "deposed": [],
                    "provider": ""
                },
                "aws_vpc_dhcp_options_association.dns_resolver": {
                    "type": "aws_vpc_dhcp_options_association",
                    "depends_on": [
                        "aws_vpc_dhcp_options.dns_resolver"
                    ],
                    "primary": {
                        "id": "dopt-3c07fd5a-vpc-2f5bdc49",
                        "attributes": {
                            "dhcp_options_id": "dopt-3c07fd5a",
                            "id": "dopt-3c07fd5a-vpc-2f5bdc49",
                            "vpc_id": "vpc-2f5bdc49"
                        },
                        "meta": {},
                        "tainted": false
                    },
                    "deposed": [],
                    "provider": ""
                }
            },
            "depends_on": []
        },
        {
            "path": [
                "root",
                "aws",
                "network"
            ],
            "outputs": {
                "bastion_security_group": {
                    "sensitive": false,
                    "type": "string",
                    "value": "sg-c8efc9b2"
                },
                "private_subnet_ids": {
                    "sensitive": false,
                    "type": "list",
                    "value": [
                        "subnet-9c58b3d4",
                        "subnet-b54d9bd3",
                        "subnet-881b7bd3"
                    ]
                },
                "public_subnet_ids": {
                    "sensitive": false,
                    "type": "list",
                    "value": [
                        "subnet-3a58b372",
                        "subnet-b24d9bd4",
                        "subnet-e71e7ebc"
                    ]
                },
                "ssh_config": {
                    "sensitive": false,
                    "type": "list",
                    "value": [
                        "ubuntu@34.214.0.149",
                        "ubuntu@52.25.176.177",
                        "ubuntu@52.42.169.155"
                    ]
                },
                "vpc_cidr": {
                    "sensitive": false,
                    "type": "string",
                    "value": "10.0.0.0/16"
                },
                "vpc_id": {
                    "sensitive": false,
                    "type": "string",
                    "value": "vpc-2f5bdc49"
                }
            },
            "resources": {},
            "depends_on": []
        },
        {
            "path": [
                "root",
                "aws",
                "s3_logs"
            ],
            "outputs": {
                "id": {
                    "sensitive": false,
                    "type": "string",
                    "value": "production-space-tweet-logs"
                }
            },
            "resources": {
                "aws_s3_bucket.logs": {
                    "type": "aws_s3_bucket",
                    "depends_on": [
                        "data.template_file.policy"
                    ],
                    "primary": {
                        "id": "production-space-tweet-logs",
                        "attributes": {
                            "acceleration_status": "",
                            "acl": "private",
                            "arn": "arn:aws:s3:::production-space-tweet-logs",
                            "bucket": "production-space-tweet-logs",
                            "bucket_domain_name": "production-space-tweet-logs.s3.amazonaws.com",
                            "force_destroy": "true",
                            "hosted_zone_id": "Z3BJ6K6RIION7M",
                            "id": "production-space-tweet-logs",
                            "lifecycle_rule.#": "1",
                            "lifecycle_rule.0.abort_incomplete_multipart_upload_days": "0",
                            "lifecycle_rule.0.enabled": "false",
                            "lifecycle_rule.0.expiration.#": "1",
                            "lifecycle_rule.0.expiration.1709177023.date": "",
                            "lifecycle_rule.0.expiration.1709177023.days": "30",
                            "lifecycle_rule.0.expiration.1709177023.expired_object_delete_marker": "false",
                            "lifecycle_rule.0.id": "logs-expiration",
                            "lifecycle_rule.0.noncurrent_version_expiration.#": "0",
                            "lifecycle_rule.0.noncurrent_version_transition.#": "0",
                            "lifecycle_rule.0.prefix": "",
                            "lifecycle_rule.0.tags.%": "0",
                            "lifecycle_rule.0.transition.#": "0",
                            "logging.#": "0",
                            "policy": "{\"Id\":\"log-bucket-policy\",\"Statement\":[{\"Action\":\"s3:PutObject\",\"Effect\":\"Allow\",\"Principal\":{\"AWS\":\"arn:aws:iam::797873946194:root\"},\"Resource\":\"arn:aws:s3:::production-space-tweet-logs/*\",\"Sid\":\"log-bucket-policy\"}],\"Version\":\"2012-10-17\"}",
                            "region": "us-west-2",
                            "request_payer": "BucketOwner",
                            "tags.%": "2",
                            "tags.Environment": "production",
                            "tags.Name": "production-space-tweet-logs",
                            "versioning.#": "1",
                            "versioning.0.enabled": "false",
                            "versioning.0.mfa_delete": "false",
                            "website.#": "0"
                        },
                        "meta": {},
                        "tainted": false
                    },
                    "deposed": [],
                    "provider": ""
                },
                "data.aws_elb_service_account.elb": {
                    "type": "aws_elb_service_account",
                    "depends_on": [],
                    "primary": {
                        "id": "797873946194",
                        "attributes": {
                            "arn": "arn:aws:iam::797873946194:root",
                            "id": "797873946194"
                        },
                        "meta": {},
                        "tainted": false
                    },
                    "deposed": [],
                    "provider": ""
                },
                "data.template_file.policy": {
                    "type": "template_file",
                    "depends_on": [
                        "data.aws_elb_service_account.elb"
                    ],
                    "primary": {
                        "id": "af75e80c980797d54c25e48161fc7c70d1424eccfdeafa0405a709b54fb8ff9a",
                        "attributes": {
                            "id": "af75e80c980797d54c25e48161fc7c70d1424eccfdeafa0405a709b54fb8ff9a",
                            "rendered": "{\n  \"Id\": \"log-bucket-policy\",\n  \"Statement\": [\n    {\n      \"Action\": \"s3:PutObject\",\n      \"Effect\": \"Allow\",\n      \"Principal\": {\n        \"AWS\": \"arn:aws:iam::797873946194:root\"\n      },\n      \"Resource\": \"arn:aws:s3:::production-space-tweet-logs/*\",\n      \"Sid\": \"log-bucket-policy\"\n    }\n  ],\n  \"Version\": \"2012-10-17\"\n}\n",
                            "template": "{\n  \"Id\": \"log-bucket-policy\",\n  \"Statement\": [\n    {\n      \"Action\": \"s3:PutObject\",\n      \"Effect\": \"Allow\",\n      \"Principal\": {\n        \"AWS\": \"${principal_arn}\"\n      },\n      \"Resource\": \"arn:aws:s3:::${bucket}/*\",\n      \"Sid\": \"log-bucket-policy\"\n    }\n  ],\n  \"Version\": \"2012-10-17\"\n}\n",
                            "vars.%": "2",
                            "vars.bucket": "production-space-tweet-logs",
                            "vars.principal_arn": "arn:aws:iam::797873946194:root"
                        },
                        "meta": {},
                        "tainted": false
                    },
                    "deposed": [],
                    "provider": ""
                }
            },
            "depends_on": []
        },
        {
            "path": [
                "root",
                "exocom_service",
                "task_definition"
            ],
            "outputs": {
                "task_arn": {
                    "sensitive": false,
                    "type": "string",
                    "value": "arn:aws:ecs:us-west-2:518695917306:task-definition/exocom:51"
                }
            },
            "resources": {
                "aws_cloudwatch_log_group.log_group": {
                    "type": "aws_cloudwatch_log_group",
                    "depends_on": [],
                    "primary": {
                        "id": "services/production/exocom",
                        "attributes": {
                            "arn": "arn:aws:logs:us-west-2:518695917306:log-group:services/production/exocom:*",
                            "id": "services/production/exocom",
                            "name": "services/production/exocom",
                            "retention_in_days": "0",
                            "tags.%": "0"
                        },
                        "meta": {},
                        "tainted": false
                    },
                    "deposed": [],
                    "provider": ""
                },
                "aws_ecs_task_definition.task": {
                    "type": "aws_ecs_task_definition",
                    "depends_on": [
                        "aws_cloudwatch_log_group.log_group"
                    ],
                    "primary": {
                        "id": "exocom",
                        "attributes": {
                            "arn": "arn:aws:ecs:us-west-2:518695917306:task-definition/exocom:51",
                            "container_definitions": "be61bb3d10e7ad0a827913819492fe7a42338297",
                            "family": "exocom",
                            "id": "exocom",
                            "network_mode": "",
                            "placement_constraints.#": "0",
                            "revision": "51",
                            "task_role_arn": ""
                        },
                        "meta": {},
                        "tainted": false
                    },
                    "deposed": [],
                    "provider": ""
                }
            },
            "depends_on": []
        },
        {
            "path": [
                "root",
                "exosphere-tweets-service",
                "task_definition"
            ],
            "outputs": {
                "arn": {
                    "sensitive": false,
                    "type": "string",
                    "value": "arn:aws:ecs:us-west-2:518695917306:task-definition/production-exosphere-tweets-service:7"
                }
            },
            "resources": {
                "aws_cloudwatch_log_group.log_group": {
                    "type": "aws_cloudwatch_log_group",
                    "depends_on": [],
                    "primary": {
                        "id": "services/production/production-exosphere-tweets-service",
                        "attributes": {
                            "arn": "arn:aws:logs:us-west-2:518695917306:log-group:services/production/production-exosphere-tweets-service:*",
                            "id": "services/production/production-exosphere-tweets-service",
                            "name": "services/production/production-exosphere-tweets-service",
                            "retention_in_days": "30",
                            "tags.%": "0"
                        },
                        "meta": {},
                        "tainted": false
                    },
                    "deposed": [],
                    "provider": ""
                },
                "aws_ecs_task_definition.task": {
                    "type": "aws_ecs_task_definition",
                    "depends_on": [],
                    "primary": {
                        "id": "production-exosphere-tweets-service",
                        "attributes": {
                            "arn": "arn:aws:ecs:us-west-2:518695917306:task-definition/production-exosphere-tweets-service:7",
                            "container_definitions": "4cbadadd688a6c79928939080bdcfc04374ae56f",
                            "family": "production-exosphere-tweets-service",
                            "id": "production-exosphere-tweets-service",
                            "network_mode": "",
                            "placement_constraints.#": "0",
                            "revision": "7",
                            "task_role_arn": ""
                        },
                        "meta": {},
                        "tainted": false
                    },
                    "deposed": [],
                    "provider": ""
                }
            },
            "depends_on": []
        },
        {
            "path": [
                "root",
                "exosphere-users-service",
                "task_definition"
            ],
            "outputs": {
                "arn": {
                    "sensitive": false,
                    "type": "string",
                    "value": "arn:aws:ecs:us-west-2:518695917306:task-definition/production-exosphere-users-service:8"
                }
            },
            "resources": {
                "aws_cloudwatch_log_group.log_group": {
                    "type": "aws_cloudwatch_log_group",
                    "depends_on": [],
                    "primary": {
                        "id": "services/production/production-exosphere-users-service",
                        "attributes": {
                            "arn": "arn:aws:logs:us-west-2:518695917306:log-group:services/production/production-exosphere-users-service:*",
                            "id": "services/production/production-exosphere-users-service",
                            "name": "services/production/production-exosphere-users-service",
                            "retention_in_days": "30",
                            "tags.%": "0"
                        },
                        "meta": {},
                        "tainted": false
                    },
                    "deposed": [],
                    "provider": ""
                },
                "aws_ecs_task_definition.task": {
                    "type": "aws_ecs_task_definition",
                    "depends_on": [],
                    "primary": {
                        "id": "production-exosphere-users-service",
                        "attributes": {
                            "arn": "arn:aws:ecs:us-west-2:518695917306:task-definition/production-exosphere-users-service:8",
                            "container_definitions": "ffdaa98c6e94c8bfc777030cc5a3a0b0df446309",
                            "family": "production-exosphere-users-service",
                            "id": "production-exosphere-users-service",
                            "network_mode": "",
                            "placement_constraints.#": "0",
                            "revision": "8",
                            "task_role_arn": ""
                        },
                        "meta": {},
                        "tainted": false
                    },
                    "deposed": [],
                    "provider": ""
                }
            },
            "depends_on": []
        },
        {
            "path": [
                "root",
                "space-tweet-web-service",
                "external_alb"
            ],
            "outputs": {
                "dns_name": {
                    "sensitive": false,
                    "type": "string",
                    "value": "production-space-tweet-web-serv-1779405318.us-west-2.elb.amazonaws.com"
                },
                "target_group_id": {
                    "sensitive": false,
                    "type": "string",
                    "value": "arn:aws:elasticloadbalancing:us-west-2:518695917306:targetgroup/production-space-tweet-web-serv/d320853f7e46535a"
                },
                "zone_id": {
                    "sensitive": false,
                    "type": "string",
                    "value": "Z1H1FL5HABSF5"
                }
            },
            "resources": {
                "aws_alb.alb": {
                    "type": "aws_alb",
                    "depends_on": [],
                    "primary": {
                        "id": "arn:aws:elasticloadbalancing:us-west-2:518695917306:loadbalancer/app/production-space-tweet-web-serv/d1ec9bc3daffd152",
                        "attributes": {
                            "access_logs.#": "1",
                            "access_logs.0.bucket": "production-space-tweet-logs",
                            "access_logs.0.enabled": "true",
                            "access_logs.0.prefix": "",
                            "arn": "arn:aws:elasticloadbalancing:us-west-2:518695917306:loadbalancer/app/production-space-tweet-web-serv/d1ec9bc3daffd152",
                            "arn_suffix": "app/production-space-tweet-web-serv/d1ec9bc3daffd152",
                            "dns_name": "production-space-tweet-web-serv-1779405318.us-west-2.elb.amazonaws.com",
                            "enable_deletion_protection": "false",
                            "id": "arn:aws:elasticloadbalancing:us-west-2:518695917306:loadbalancer/app/production-space-tweet-web-serv/d1ec9bc3daffd152",
                            "idle_timeout": "60",
                            "internal": "false",
                            "ip_address_type": "ipv4",
                            "name": "production-space-tweet-web-serv",
                            "security_groups.#": "1",
                            "security_groups.2851750735": "sg-78ecca02",
                            "subnets.#": "3",
                            "subnets.1741040983": "subnet-e71e7ebc",
                            "subnets.2698651414": "subnet-3a58b372",
                            "subnets.341029261": "subnet-b24d9bd4",
                            "tags.%": "3",
                            "tags.Environment": "production",
                            "tags.Name": "production-space-tweet-web-service-lb",
                            "tags.Service": "production-space-tweet-web-service",
                            "vpc_id": "vpc-2f5bdc49",
                            "zone_id": "Z1H1FL5HABSF5"
                        },
                        "meta": {
                            "e2bfb730-ecaa-11e6-8f88-34363bc7c4c0": {
                                "create": 600000000000,
                                "delete": 600000000000,
                                "update": 600000000000
                            }
                        },
                        "tainted": false
                    },
                    "deposed": [],
                    "provider": ""
                },
                "aws_alb_listener.external": {
                    "type": "aws_alb_listener",
                    "depends_on": [
                        "aws_alb.alb",
                        "aws_alb_target_group.target_group"
                    ],
                    "primary": {
                        "id": "arn:aws:elasticloadbalancing:us-west-2:518695917306:listener/app/production-space-tweet-web-serv/d1ec9bc3daffd152/e618a0a61f5deea6",
                        "attributes": {
                            "arn": "arn:aws:elasticloadbalancing:us-west-2:518695917306:listener/app/production-space-tweet-web-serv/d1ec9bc3daffd152/e618a0a61f5deea6",
                            "certificate_arn": "arn:aws:acm:us-west-2:518695917306:certificate/c9a6be72-c6a3-4551-8e5b-53f5cfd89199",
                            "default_action.#": "1",
                            "default_action.0.target_group_arn": "arn:aws:elasticloadbalancing:us-west-2:518695917306:targetgroup/production-space-tweet-web-serv/d320853f7e46535a",
                            "default_action.0.type": "forward",
                            "id": "arn:aws:elasticloadbalancing:us-west-2:518695917306:listener/app/production-space-tweet-web-serv/d1ec9bc3daffd152/e618a0a61f5deea6",
                            "load_balancer_arn": "arn:aws:elasticloadbalancing:us-west-2:518695917306:loadbalancer/app/production-space-tweet-web-serv/d1ec9bc3daffd152",
                            "port": "443",
                            "protocol": "HTTPS",
                            "ssl_policy": "ELBSecurityPolicy-2016-08"
                        },
                        "meta": {},
                        "tainted": false
                    },
                    "deposed": [],
                    "provider": ""
                },
                "aws_alb_target_group.target_group": {
                    "type": "aws_alb_target_group",
                    "depends_on": [],
                    "primary": {
                        "id": "arn:aws:elasticloadbalancing:us-west-2:518695917306:targetgroup/production-space-tweet-web-serv/d320853f7e46535a",
                        "attributes": {
                            "arn": "arn:aws:elasticloadbalancing:us-west-2:518695917306:targetgroup/production-space-tweet-web-serv/d320853f7e46535a",
                            "arn_suffix": "targetgroup/production-space-tweet-web-serv/d320853f7e46535a",
                            "deregistration_delay": "300",
                            "health_check.#": "1",
                            "health_check.0.healthy_threshold": "2",
                            "health_check.0.interval": "30",
                            "health_check.0.matcher": "200-299",
                            "health_check.0.path": "/",
                            "health_check.0.port": "traffic-port",
                            "health_check.0.protocol": "HTTP",
                            "health_check.0.timeout": "5",
                            "health_check.0.unhealthy_threshold": "2",
                            "id": "arn:aws:elasticloadbalancing:us-west-2:518695917306:targetgroup/production-space-tweet-web-serv/d320853f7e46535a",
                            "name": "production-space-tweet-web-serv",
                            "port": "80",
                            "protocol": "HTTP",
                            "stickiness.#": "1",
                            "stickiness.0.cookie_duration": "86400",
                            "stickiness.0.enabled": "false",
                            "stickiness.0.type": "lb_cookie",
                            "tags.%": "3",
                            "tags.Environment": "production",
                            "tags.Name": "production-space-tweet-web-service-target-group",
                            "tags.Service": "production-space-tweet-web-service",
                            "vpc_id": "vpc-2f5bdc49"
                        },
                        "meta": {},
                        "tainted": false
                    },
                    "deposed": [],
                    "provider": ""
                },
                "aws_route53_record.external": {
                    "type": "aws_route53_record",
                    "depends_on": [
                        "aws_alb.alb"
                    ],
                    "primary": {
                        "id": "ZCRIZB0K6Y7E_spacetweet.originate.com_A",
                        "attributes": {
                            "alias.#": "1",
                            "alias.3690372607.evaluate_target_health": "false",
                            "alias.3690372607.name": "production-space-tweet-web-serv-1779405318.us-west-2.elb.amazonaws.com",
                            "alias.3690372607.zone_id": "Z1H1FL5HABSF5",
                            "fqdn": "spacetweet.originate.com",
                            "health_check_id": "",
                            "id": "ZCRIZB0K6Y7E_spacetweet.originate.com_A",
                            "name": "spacetweet.originate.com",
                            "records.#": "0",
                            "set_identifier": "",
                            "ttl": "0",
                            "type": "A",
                            "zone_id": "ZCRIZB0K6Y7E"
                        },
                        "meta": {
                            "schema_version": "2"
                        },
                        "tainted": false
                    },
                    "deposed": [],
                    "provider": ""
                },
                "aws_route53_record.internal": {
                    "type": "aws_route53_record",
                    "depends_on": [
                        "aws_alb.alb"
                    ],
                    "primary": {
                        "id": "Z1EDS52KVM49Z9_space-tweet-web-service_A",
                        "attributes": {
                            "alias.#": "1",
                            "alias.3690372607.evaluate_target_health": "false",
                            "alias.3690372607.name": "production-space-tweet-web-serv-1779405318.us-west-2.elb.amazonaws.com",
                            "alias.3690372607.zone_id": "Z1H1FL5HABSF5",
                            "fqdn": "space-tweet-web-service.space-tweet.local",
                            "health_check_id": "",
                            "id": "Z1EDS52KVM49Z9_space-tweet-web-service_A",
                            "name": "space-tweet-web-service",
                            "records.#": "0",
                            "set_identifier": "",
                            "ttl": "0",
                            "type": "A",
                            "zone_id": "Z1EDS52KVM49Z9"
                        },
                        "meta": {
                            "schema_version": "2"
                        },
                        "tainted": false
                    },
                    "deposed": [],
                    "provider": ""
                }
            },
            "depends_on": []
        },
        {
            "path": [
                "root",
                "space-tweet-web-service",
                "task_definition"
            ],
            "outputs": {
                "arn": {
                    "sensitive": false,
                    "type": "string",
                    "value": "arn:aws:ecs:us-west-2:518695917306:task-definition/production-space-tweet-web-service:5"
                }
            },
            "resources": {
                "aws_cloudwatch_log_group.log_group": {
                    "type": "aws_cloudwatch_log_group",
                    "depends_on": [],
                    "primary": {
                        "id": "services/production/production-space-tweet-web-service",
                        "attributes": {
                            "arn": "arn:aws:logs:us-west-2:518695917306:log-group:services/production/production-space-tweet-web-service:*",
                            "id": "services/production/production-space-tweet-web-service",
                            "name": "services/production/production-space-tweet-web-service",
                            "retention_in_days": "30",
                            "tags.%": "0"
                        },
                        "meta": {},
                        "tainted": false
                    },
                    "deposed": [],
                    "provider": ""
                },
                "aws_ecs_task_definition.task": {
                    "type": "aws_ecs_task_definition",
                    "depends_on": [
                        "aws_cloudwatch_log_group.log_group"
                    ],
                    "primary": {
                        "id": "production-space-tweet-web-service",
                        "attributes": {
                            "arn": "arn:aws:ecs:us-west-2:518695917306:task-definition/production-space-tweet-web-service:5",
                            "container_definitions": "46fc9cd9cb449f4d07d307568f1c01d8c2425827",
                            "family": "production-space-tweet-web-service",
                            "id": "production-space-tweet-web-service",
                            "network_mode": "",
                            "placement_constraints.#": "0",
                            "revision": "5",
                            "task_role_arn": ""
                        },
                        "meta": {},
                        "tainted": false
                    },
                    "deposed": [],
                    "provider": ""
                }
            },
            "depends_on": []
        },
        {
            "path": [
                "root",
                "tweets",
                "task_definition"
            ],
            "outputs": {},
            "resources": {},
            "depends_on": []
        },
        {
            "path": [
                "root",
                "users",
                "task_definition"
            ],
            "outputs": {},
            "resources": {},
            "depends_on": []
        },
        {
            "path": [
                "root",
                "web",
                "external_alb"
            ],
            "outputs": {},
            "resources": {},
            "depends_on": []
        },
        {
            "path": [
                "root",
                "web",
                "task_definition"
            ],
            "outputs": {},
            "resources": {},
            "depends_on": []
        },
        {
            "path": [
                "root",
                "aws",
                "network",
                "bastion"
            ],
            "outputs": {
                "ips": {
                    "sensitive": false,
                    "type": "list",
                    "value": [
                        "ubuntu@34.214.0.149",
                        "ubuntu@52.25.176.177",
                        "ubuntu@52.42.169.155"
                    ]
                },
                "security_group": {
                    "sensitive": false,
                    "type": "string",
                    "value": "sg-c8efc9b2"
                }
            },
            "resources": {
                "aws_instance.bastion.0": {
                    "type": "aws_instance",
                    "depends_on": [
                        "aws_security_group.bastion",
                        "module.ami"
                    ],
                    "primary": {
                        "id": "i-03dab62d76d8cffbf",
                        "attributes": {
                            "ami": "ami-835b4efa",
                            "associate_public_ip_address": "true",
                            "availability_zone": "us-west-2a",
                            "disable_api_termination": "false",
                            "ebs_block_device.#": "0",
                            "ebs_optimized": "false",
                            "ephemeral_block_device.#": "0",
                            "iam_instance_profile": "",
                            "id": "i-03dab62d76d8cffbf",
                            "instance_state": "running",
                            "instance_type": "t2.micro",
                            "ipv6_addresses.#": "0",
                            "key_name": "hugo",
                            "monitoring": "true",
                            "network_interface.#": "0",
                            "network_interface_id": "eni-6f81655e",
                            "primary_network_interface_id": "eni-6f81655e",
                            "private_dns": "ip-10-0-1-220.us-west-2.compute.internal",
                            "private_ip": "10.0.1.220",
                            "public_dns": "ec2-34-214-0-149.us-west-2.compute.amazonaws.com",
                            "public_ip": "34.214.0.149",
                            "root_block_device.#": "1",
                            "root_block_device.0.delete_on_termination": "true",
                            "root_block_device.0.iops": "100",
                            "root_block_device.0.volume_size": "8",
                            "root_block_device.0.volume_type": "gp2",
                            "security_groups.#": "0",
                            "source_dest_check": "false",
                            "subnet_id": "subnet-3a58b372",
                            "tags.%": "2",
                            "tags.Environment": "production",
                            "tags.Name": "production-space-tweet-bastion-us-west-2a",
                            "tenancy": "default",
                            "volume_tags.%": "0",
                            "vpc_security_group_ids.#": "1",
                            "vpc_security_group_ids.1515483613": "sg-c8efc9b2"
                        },
                        "meta": {
                            "e2bfb730-ecaa-11e6-8f88-34363bc7c4c0": {
                                "create": 600000000000,
                                "delete": 600000000000,
                                "update": 600000000000
                            },
                            "schema_version": "1"
                        },
                        "tainted": false
                    },
                    "deposed": [],
                    "provider": ""
                },
                "aws_instance.bastion.1": {
                    "type": "aws_instance",
                    "depends_on": [
                        "aws_security_group.bastion",
                        "module.ami"
                    ],
                    "primary": {
                        "id": "i-0a4d3266d681d392a",
                        "attributes": {
                            "ami": "ami-835b4efa",
                            "associate_public_ip_address": "true",
                            "availability_zone": "us-west-2b",
                            "disable_api_termination": "false",
                            "ebs_block_device.#": "0",
                            "ebs_optimized": "false",
                            "ephemeral_block_device.#": "0",
                            "iam_instance_profile": "",
                            "id": "i-0a4d3266d681d392a",
                            "instance_state": "running",
                            "instance_type": "t2.micro",
                            "ipv6_addresses.#": "0",
                            "key_name": "hugo",
                            "monitoring": "true",
                            "network_interface.#": "0",
                            "network_interface_id": "eni-c2d5f4ed",
                            "primary_network_interface_id": "eni-c2d5f4ed",
                            "private_dns": "ip-10-0-2-6.us-west-2.compute.internal",
                            "private_ip": "10.0.2.6",
                            "public_dns": "ec2-52-25-176-177.us-west-2.compute.amazonaws.com",
                            "public_ip": "52.25.176.177",
                            "root_block_device.#": "1",
                            "root_block_device.0.delete_on_termination": "true",
                            "root_block_device.0.iops": "100",
                            "root_block_device.0.volume_size": "8",
                            "root_block_device.0.volume_type": "gp2",
                            "security_groups.#": "0",
                            "source_dest_check": "false",
                            "subnet_id": "subnet-b24d9bd4",
                            "tags.%": "2",
                            "tags.Environment": "production",
                            "tags.Name": "production-space-tweet-bastion-us-west-2b",
                            "tenancy": "default",
                            "volume_tags.%": "0",
                            "vpc_security_group_ids.#": "1",
                            "vpc_security_group_ids.1515483613": "sg-c8efc9b2"
                        },
                        "meta": {
                            "e2bfb730-ecaa-11e6-8f88-34363bc7c4c0": {
                                "create": 600000000000,
                                "delete": 600000000000,
                                "update": 600000000000
                            },
                            "schema_version": "1"
                        },
                        "tainted": false
                    },
                    "deposed": [],
                    "provider": ""
                },
                "aws_instance.bastion.2": {
                    "type": "aws_instance",
                    "depends_on": [
                        "aws_security_group.bastion",
                        "module.ami"
                    ],
                    "primary": {
                        "id": "i-0d54bfff6588512c7",
                        "attributes": {
                            "ami": "ami-835b4efa",
                            "associate_public_ip_address": "true",
                            "availability_zone": "us-west-2c",
                            "disable_api_termination": "false",
                            "ebs_block_device.#": "0",
                            "ebs_optimized": "false",
                            "ephemeral_block_device.#": "0",
                            "iam_instance_profile": "",
                            "id": "i-0d54bfff6588512c7",
                            "instance_state": "running",
                            "instance_type": "t2.micro",
                            "ipv6_addresses.#": "0",
                            "key_name": "hugo",
                            "monitoring": "true",
                            "network_interface.#": "0",
                            "network_interface_id": "eni-b524f1b6",
                            "primary_network_interface_id": "eni-b524f1b6",
                            "private_dns": "ip-10-0-3-47.us-west-2.compute.internal",
                            "private_ip": "10.0.3.47",
                            "public_dns": "ec2-52-42-169-155.us-west-2.compute.amazonaws.com",
                            "public_ip": "52.42.169.155",
                            "root_block_device.#": "1",
                            "root_block_device.0.delete_on_termination": "true",
                            "root_block_device.0.iops": "100",
                            "root_block_device.0.volume_size": "8",
                            "root_block_device.0.volume_type": "gp2",
                            "security_groups.#": "0",
                            "source_dest_check": "false",
                            "subnet_id": "subnet-e71e7ebc",
                            "tags.%": "2",
                            "tags.Environment": "production",
                            "tags.Name": "production-space-tweet-bastion-us-west-2c",
                            "tenancy": "default",
                            "volume_tags.%": "0",
                            "vpc_security_group_ids.#": "1",
                            "vpc_security_group_ids.1515483613": "sg-c8efc9b2"
                        },
                        "meta": {
                            "e2bfb730-ecaa-11e6-8f88-34363bc7c4c0": {
                                "create": 600000000000,
                                "delete": 600000000000,
                                "update": 600000000000
                            },
                            "schema_version": "1"
                        },
                        "tainted": false
                    },
                    "deposed": [],
                    "provider": ""
                },
                "aws_security_group.bastion": {
                    "type": "aws_security_group",
                    "depends_on": [],
                    "primary": {
                        "id": "sg-c8efc9b2",
                        "attributes": {
                            "description": "Bastion security group (only SSH inbound access is allowed)",
                            "egress.#": "1",
                            "egress.482069346.cidr_blocks.#": "1",
                            "egress.482069346.cidr_blocks.0": "0.0.0.0/0",
                            "egress.482069346.from_port": "0",
                            "egress.482069346.ipv6_cidr_blocks.#": "0",
                            "egress.482069346.prefix_list_ids.#": "0",
                            "egress.482069346.protocol": "-1",
                            "egress.482069346.security_groups.#": "0",
                            "egress.482069346.self": "false",
                            "egress.482069346.to_port": "0",
                            "id": "sg-c8efc9b2",
                            "ingress.#": "1",
                            "ingress.2541437006.cidr_blocks.#": "1",
                            "ingress.2541437006.cidr_blocks.0": "0.0.0.0/0",
                            "ingress.2541437006.from_port": "22",
                            "ingress.2541437006.ipv6_cidr_blocks.#": "0",
                            "ingress.2541437006.protocol": "tcp",
                            "ingress.2541437006.security_groups.#": "0",
                            "ingress.2541437006.self": "false",
                            "ingress.2541437006.to_port": "22",
                            "name": "production-space-tweet-bastion",
                            "owner_id": "518695917306",
                            "tags.%": "2",
                            "tags.Environment": "production",
                            "tags.Name": "production-space-tweet-bastion",
                            "vpc_id": "vpc-2f5bdc49"
                        },
                        "meta": {},
                        "tainted": false
                    },
                    "deposed": [],
                    "provider": ""
                }
            },
            "depends_on": []
        },
        {
            "path": [
                "root",
                "aws",
                "network",
                "subnets"
            ],
            "outputs": {
                "private_subnet_ids": {
                    "sensitive": false,
                    "type": "list",
                    "value": [
                        "subnet-9c58b3d4",
                        "subnet-b54d9bd3",
                        "subnet-881b7bd3"
                    ]
                },
                "public_subnet_ids": {
                    "sensitive": false,
                    "type": "list",
                    "value": [
                        "subnet-3a58b372",
                        "subnet-b24d9bd4",
                        "subnet-e71e7ebc"
                    ]
                }
            },
            "resources": {
                "aws_eip.nat.0": {
                    "type": "aws_eip",
                    "depends_on": [
                        "aws_internet_gateway.public"
                    ],
                    "primary": {
                        "id": "eipalloc-79c90644",
                        "attributes": {
                            "association_id": "eipassoc-54e36a68",
                            "domain": "vpc",
                            "id": "eipalloc-79c90644",
                            "instance": "",
                            "network_interface": "eni-76866247",
                            "private_ip": "10.0.1.238",
                            "public_ip": "34.210.144.231",
                            "vpc": "true"
                        },
                        "meta": {},
                        "tainted": false
                    },
                    "deposed": [],
                    "provider": ""
                },
                "aws_eip.nat.1": {
                    "type": "aws_eip",
                    "depends_on": [
                        "aws_internet_gateway.public"
                    ],
                    "primary": {
                        "id": "eipalloc-c7cc03fa",
                        "attributes": {
                            "association_id": "eipassoc-5cee6760",
                            "domain": "vpc",
                            "id": "eipalloc-c7cc03fa",
                            "instance": "",
                            "network_interface": "eni-bed5f491",
                            "private_ip": "10.0.2.166",
                            "public_ip": "35.165.237.4",
                            "vpc": "true"
                        },
                        "meta": {},
                        "tainted": false
                    },
                    "deposed": [],
                    "provider": ""
                },
                "aws_eip.nat.2": {
                    "type": "aws_eip",
                    "depends_on": [
                        "aws_internet_gateway.public"
                    ],
                    "primary": {
                        "id": "eipalloc-16ca052b",
                        "attributes": {
                            "association_id": "eipassoc-6ee46d52",
                            "domain": "vpc",
                            "id": "eipalloc-16ca052b",
                            "instance": "",
                            "network_interface": "eni-d327f2d0",
                            "private_ip": "10.0.3.130",
                            "public_ip": "52.37.244.95",
                            "vpc": "true"
                        },
                        "meta": {},
                        "tainted": false
                    },
                    "deposed": [],
                    "provider": ""
                },
                "aws_internet_gateway.public": {
                    "type": "aws_internet_gateway",
                    "depends_on": [],
                    "primary": {
                        "id": "igw-6f84e908",
                        "attributes": {
                            "id": "igw-6f84e908",
                            "tags.%": "2",
                            "tags.Environment": "production",
                            "tags.Name": "production-space-tweet",
                            "vpc_id": "vpc-2f5bdc49"
                        },
                        "meta": {},
                        "tainted": false
                    },
                    "deposed": [],
                    "provider": ""
                },
                "aws_nat_gateway.nat.0": {
                    "type": "aws_nat_gateway",
                    "depends_on": [
                        "aws_eip.nat.*",
                        "aws_internet_gateway.public",
                        "aws_subnet.public.*"
                    ],
                    "primary": {
                        "id": "nat-0ccf0f800477d4576",
                        "attributes": {
                            "allocation_id": "eipalloc-79c90644",
                            "id": "nat-0ccf0f800477d4576",
                            "network_interface_id": "eni-76866247",
                            "private_ip": "10.0.1.238",
                            "public_ip": "34.210.144.231",
                            "subnet_id": "subnet-3a58b372"
                        },
                        "meta": {},
                        "tainted": false
                    },
                    "deposed": [],
                    "provider": ""
                },
                "aws_nat_gateway.nat.1": {
                    "type": "aws_nat_gateway",
                    "depends_on": [
                        "aws_eip.nat.*",
                        "aws_internet_gateway.public",
                        "aws_subnet.public.*"
                    ],
                    "primary": {
                        "id": "nat-0004577a95b6de0f9",
                        "attributes": {
                            "allocation_id": "eipalloc-c7cc03fa",
                            "id": "nat-0004577a95b6de0f9",
                            "network_interface_id": "eni-bed5f491",
                            "private_ip": "10.0.2.166",
                            "public_ip": "35.165.237.4",
                            "subnet_id": "subnet-b24d9bd4"
                        },
                        "meta": {},
                        "tainted": false
                    },
                    "deposed": [],
                    "provider": ""
                },
                "aws_nat_gateway.nat.2": {
                    "type": "aws_nat_gateway",
                    "depends_on": [
                        "aws_eip.nat.*",
                        "aws_internet_gateway.public",
                        "aws_subnet.public.*"
                    ],
                    "primary": {
                        "id": "nat-066b9e84076cbbcb7",
                        "attributes": {
                            "allocation_id": "eipalloc-16ca052b",
                            "id": "nat-066b9e84076cbbcb7",
                            "network_interface_id": "eni-d327f2d0",
                            "private_ip": "10.0.3.130",
                            "public_ip": "52.37.244.95",
                            "subnet_id": "subnet-e71e7ebc"
                        },
                        "meta": {},
                        "tainted": false
                    },
                    "deposed": [],
                    "provider": ""
                },
                "aws_network_acl.private": {
                    "type": "aws_network_acl",
                    "depends_on": [
                        "aws_subnet.private.*"
                    ],
                    "primary": {
                        "id": "acl-9e3c6cf8",
                        "attributes": {
                            "egress.#": "1",
                            "egress.1401401844.action": "allow",
                            "egress.1401401844.cidr_block": "0.0.0.0/0",
                            "egress.1401401844.from_port": "0",
                            "egress.1401401844.icmp_code": "0",
                            "egress.1401401844.icmp_type": "0",
                            "egress.1401401844.ipv6_cidr_block": "",
                            "egress.1401401844.protocol": "-1",
                            "egress.1401401844.rule_no": "100",
                            "egress.1401401844.to_port": "0",
                            "id": "acl-9e3c6cf8",
                            "ingress.#": "1",
                            "ingress.1401401844.action": "allow",
                            "ingress.1401401844.cidr_block": "0.0.0.0/0",
                            "ingress.1401401844.from_port": "0",
                            "ingress.1401401844.icmp_code": "0",
                            "ingress.1401401844.icmp_type": "0",
                            "ingress.1401401844.ipv6_cidr_block": "",
                            "ingress.1401401844.protocol": "-1",
                            "ingress.1401401844.rule_no": "100",
                            "ingress.1401401844.to_port": "0",
                            "subnet_ids.#": "3",
                            "subnet_ids.1334844064": "subnet-b54d9bd3",
                            "subnet_ids.3589506894": "subnet-881b7bd3",
                            "subnet_ids.3731915093": "subnet-9c58b3d4",
                            "tags.%": "2",
                            "tags.Environment": "production",
                            "tags.Name": "production-space-tweet-private",
                            "vpc_id": "vpc-2f5bdc49"
                        },
                        "meta": {},
                        "tainted": false
                    },
                    "deposed": [],
                    "provider": ""
                },
                "aws_network_acl.public": {
                    "type": "aws_network_acl",
                    "depends_on": [
                        "aws_internet_gateway.public",
                        "aws_subnet.public.*"
                    ],
                    "primary": {
                        "id": "acl-773b6b11",
                        "attributes": {
                            "egress.#": "1",
                            "egress.1401401844.action": "allow",
                            "egress.1401401844.cidr_block": "0.0.0.0/0",
                            "egress.1401401844.from_port": "0",
                            "egress.1401401844.icmp_code": "0",
                            "egress.1401401844.icmp_type": "0",
                            "egress.1401401844.ipv6_cidr_block": "",
                            "egress.1401401844.protocol": "-1",
                            "egress.1401401844.rule_no": "100",
                            "egress.1401401844.to_port": "0",
                            "id": "acl-773b6b11",
                            "ingress.#": "1",
                            "ingress.1401401844.action": "allow",
                            "ingress.1401401844.cidr_block": "0.0.0.0/0",
                            "ingress.1401401844.from_port": "0",
                            "ingress.1401401844.icmp_code": "0",
                            "ingress.1401401844.icmp_type": "0",
                            "ingress.1401401844.ipv6_cidr_block": "",
                            "ingress.1401401844.protocol": "-1",
                            "ingress.1401401844.rule_no": "100",
                            "ingress.1401401844.to_port": "0",
                            "subnet_ids.#": "3",
                            "subnet_ids.1741040983": "subnet-e71e7ebc",
                            "subnet_ids.2698651414": "subnet-3a58b372",
                            "subnet_ids.341029261": "subnet-b24d9bd4",
                            "tags.%": "2",
                            "tags.Environment": "production",
                            "tags.Name": "production-space-tweet-public",
                            "vpc_id": "vpc-2f5bdc49"
                        },
                        "meta": {},
                        "tainted": false
                    },
                    "deposed": [],
                    "provider": ""
                },
                "aws_network_acl_rule.private-inbound": {
                    "type": "aws_network_acl_rule",
                    "depends_on": [
                        "aws_network_acl.private"
                    ],
                    "primary": {
                        "id": "nacl-1887010332",
                        "attributes": {
                            "cidr_block": "0.0.0.0/0",
                            "egress": "false",
                            "from_port": "0",
                            "id": "nacl-1887010332",
                            "ipv6_cidr_block": "",
                            "network_acl_id": "acl-9e3c6cf8",
                            "protocol": "all",
                            "rule_action": "allow",
                            "rule_number": "100",
                            "to_port": "65535"
                        },
                        "meta": {},
                        "tainted": false
                    },
                    "deposed": [],
                    "provider": ""
                },
                "aws_network_acl_rule.private-outbound": {
                    "type": "aws_network_acl_rule",
                    "depends_on": [
                        "aws_network_acl.private"
                    ],
                    "primary": {
                        "id": "nacl-4217999858",
                        "attributes": {
                            "cidr_block": "0.0.0.0/0",
                            "egress": "true",
                            "from_port": "0",
                            "id": "nacl-4217999858",
                            "ipv6_cidr_block": "",
                            "network_acl_id": "acl-9e3c6cf8",
                            "protocol": "all",
                            "rule_action": "allow",
                            "rule_number": "100",
                            "to_port": "65535"
                        },
                        "meta": {},
                        "tainted": false
                    },
                    "deposed": [],
                    "provider": ""
                },
                "aws_network_acl_rule.public-inbound": {
                    "type": "aws_network_acl_rule",
                    "depends_on": [
                        "aws_network_acl.public"
                    ],
                    "primary": {
                        "id": "nacl-3978882301",
                        "attributes": {
                            "cidr_block": "0.0.0.0/0",
                            "egress": "false",
                            "from_port": "0",
                            "id": "nacl-3978882301",
                            "ipv6_cidr_block": "",
                            "network_acl_id": "acl-773b6b11",
                            "protocol": "all",
                            "rule_action": "allow",
                            "rule_number": "100",
                            "to_port": "65535"
                        },
                        "meta": {},
                        "tainted": false
                    },
                    "deposed": [],
                    "provider": ""
                },
                "aws_network_acl_rule.public-outbound": {
                    "type": "aws_network_acl_rule",
                    "depends_on": [
                        "aws_network_acl.public"
                    ],
                    "primary": {
                        "id": "nacl-2022498167",
                        "attributes": {
                            "cidr_block": "0.0.0.0/0",
                            "egress": "true",
                            "from_port": "0",
                            "id": "nacl-2022498167",
                            "ipv6_cidr_block": "",
                            "network_acl_id": "acl-773b6b11",
                            "protocol": "all",
                            "rule_action": "allow",
                            "rule_number": "100",
                            "to_port": "65535"
                        },
                        "meta": {},
                        "tainted": false
                    },
                    "deposed": [],
                    "provider": ""
                },
                "aws_route_table.private.0": {
                    "type": "aws_route_table",
                    "depends_on": [
                        "aws_nat_gateway.nat.*"
                    ],
                    "primary": {
                        "id": "rtb-1f8b9279",
                        "attributes": {
                            "id": "rtb-1f8b9279",
                            "propagating_vgws.#": "0",
                            "route.#": "1",
                            "route.1150910977.cidr_block": "0.0.0.0/0",
                            "route.1150910977.egress_only_gateway_id": "",
                            "route.1150910977.gateway_id": "",
                            "route.1150910977.instance_id": "",
                            "route.1150910977.ipv6_cidr_block": "",
                            "route.1150910977.nat_gateway_id": "nat-0ccf0f800477d4576",
                            "route.1150910977.network_interface_id": "",
                            "route.1150910977.vpc_peering_connection_id": "",
                            "tags.%": "2",
                            "tags.Environment": "production",
                            "tags.Name": "production-space-tweet-private-us-west-2a",
                            "vpc_id": "vpc-2f5bdc49"
                        },
                        "meta": {},
                        "tainted": false
                    },
                    "deposed": [],
                    "provider": ""
                },
                "aws_route_table.private.1": {
                    "type": "aws_route_table",
                    "depends_on": [
                        "aws_nat_gateway.nat.*"
                    ],
                    "primary": {
                        "id": "rtb-648d9402",
                        "attributes": {
                            "id": "rtb-648d9402",
                            "propagating_vgws.#": "0",
                            "route.#": "1",
                            "route.179031955.cidr_block": "0.0.0.0/0",
                            "route.179031955.egress_only_gateway_id": "",
                            "route.179031955.gateway_id": "",
                            "route.179031955.instance_id": "",
                            "route.179031955.ipv6_cidr_block": "",
                            "route.179031955.nat_gateway_id": "nat-0004577a95b6de0f9",
                            "route.179031955.network_interface_id": "",
                            "route.179031955.vpc_peering_connection_id": "",
                            "tags.%": "2",
                            "tags.Environment": "production",
                            "tags.Name": "production-space-tweet-private-us-west-2b",
                            "vpc_id": "vpc-2f5bdc49"
                        },
                        "meta": {},
                        "tainted": false
                    },
                    "deposed": [],
                    "provider": ""
                },
                "aws_route_table.private.2": {
                    "type": "aws_route_table",
                    "depends_on": [
                        "aws_nat_gateway.nat.*"
                    ],
                    "primary": {
                        "id": "rtb-8c8b92ea",
                        "attributes": {
                            "id": "rtb-8c8b92ea",
                            "propagating_vgws.#": "0",
                            "route.#": "1",
                            "route.1716959363.cidr_block": "0.0.0.0/0",
                            "route.1716959363.egress_only_gateway_id": "",
                            "route.1716959363.gateway_id": "",
                            "route.1716959363.instance_id": "",
                            "route.1716959363.ipv6_cidr_block": "",
                            "route.1716959363.nat_gateway_id": "nat-066b9e84076cbbcb7",
                            "route.1716959363.network_interface_id": "",
                            "route.1716959363.vpc_peering_connection_id": "",
                            "tags.%": "2",
                            "tags.Environment": "production",
                            "tags.Name": "production-space-tweet-private-us-west-2c",
                            "vpc_id": "vpc-2f5bdc49"
                        },
                        "meta": {},
                        "tainted": false
                    },
                    "deposed": [],
                    "provider": ""
                },
                "aws_route_table.public": {
                    "type": "aws_route_table",
                    "depends_on": [
                        "aws_internet_gateway.public"
                    ],
                    "primary": {
                        "id": "rtb-998990ff",
                        "attributes": {
                            "id": "rtb-998990ff",
                            "propagating_vgws.#": "0",
                            "route.#": "1",
                            "route.1184389082.cidr_block": "0.0.0.0/0",
                            "route.1184389082.egress_only_gateway_id": "",
                            "route.1184389082.gateway_id": "igw-6f84e908",
                            "route.1184389082.instance_id": "",
                            "route.1184389082.ipv6_cidr_block": "",
                            "route.1184389082.nat_gateway_id": "",
                            "route.1184389082.network_interface_id": "",
                            "route.1184389082.vpc_peering_connection_id": "",
                            "tags.%": "2",
                            "tags.Environment": "production",
                            "tags.Name": "production-space-tweet-public",
                            "vpc_id": "vpc-2f5bdc49"
                        },
                        "meta": {},
                        "tainted": false
                    },
                    "deposed": [],
                    "provider": ""
                },
                "aws_route_table_association.private.0": {
                    "type": "aws_route_table_association",
                    "depends_on": [
                        "aws_route_table.private.*",
                        "aws_subnet.private.*"
                    ],
                    "primary": {
                        "id": "rtbassoc-c477a6bc",
                        "attributes": {
                            "id": "rtbassoc-c477a6bc",
                            "route_table_id": "rtb-1f8b9279",
                            "subnet_id": "subnet-9c58b3d4"
                        },
                        "meta": {},
                        "tainted": false
                    },
                    "deposed": [],
                    "provider": ""
                },
                "aws_route_table_association.private.1": {
                    "type": "aws_route_table_association",
                    "depends_on": [
                        "aws_route_table.private.*",
                        "aws_subnet.private.*"
                    ],
                    "primary": {
                        "id": "rtbassoc-9374a5eb",
                        "attributes": {
                            "id": "rtbassoc-9374a5eb",
                            "route_table_id": "rtb-648d9402",
                            "subnet_id": "subnet-b54d9bd3"
                        },
                        "meta": {},
                        "tainted": false
                    },
                    "deposed": [],
                    "provider": ""
                },
                "aws_route_table_association.private.2": {
                    "type": "aws_route_table_association",
                    "depends_on": [
                        "aws_route_table.private.*",
                        "aws_subnet.private.*"
                    ],
                    "primary": {
                        "id": "rtbassoc-eb74a593",
                        "attributes": {
                            "id": "rtbassoc-eb74a593",
                            "route_table_id": "rtb-8c8b92ea",
                            "subnet_id": "subnet-881b7bd3"
                        },
                        "meta": {},
                        "tainted": false
                    },
                    "deposed": [],
                    "provider": ""
                },
                "aws_route_table_association.public.0": {
                    "type": "aws_route_table_association",
                    "depends_on": [
                        "aws_route_table.public",
                        "aws_subnet.public.*"
                    ],
                    "primary": {
                        "id": "rtbassoc-d377a6ab",
                        "attributes": {
                            "id": "rtbassoc-d377a6ab",
                            "route_table_id": "rtb-998990ff",
                            "subnet_id": "subnet-3a58b372"
                        },
                        "meta": {},
                        "tainted": false
                    },
                    "deposed": [],
                    "provider": ""
                },
                "aws_route_table_association.public.1": {
                    "type": "aws_route_table_association",
                    "depends_on": [
                        "aws_route_table.public",
                        "aws_subnet.public.*"
                    ],
                    "primary": {
                        "id": "rtbassoc-c575a4bd",
                        "attributes": {
                            "id": "rtbassoc-c575a4bd",
                            "route_table_id": "rtb-998990ff",
                            "subnet_id": "subnet-b24d9bd4"
                        },
                        "meta": {},
                        "tainted": false
                    },
                    "deposed": [],
                    "provider": ""
                },
                "aws_route_table_association.public.2": {
                    "type": "aws_route_table_association",
                    "depends_on": [
                        "aws_route_table.public",
                        "aws_subnet.public.*"
                    ],
                    "primary": {
                        "id": "rtbassoc-5079a828",
                        "attributes": {
                            "id": "rtbassoc-5079a828",
                            "route_table_id": "rtb-998990ff",
                            "subnet_id": "subnet-e71e7ebc"
                        },
                        "meta": {},
                        "tainted": false
                    },
                    "deposed": [],
                    "provider": ""
                },
                "aws_subnet.private.0": {
                    "type": "aws_subnet",
                    "depends_on": [],
                    "primary": {
                        "id": "subnet-9c58b3d4",
                        "attributes": {
                            "assign_ipv6_address_on_creation": "false",
                            "availability_zone": "us-west-2a",
                            "cidr_block": "10.0.4.0/24",
                            "id": "subnet-9c58b3d4",
                            "map_public_ip_on_launch": "false",
                            "tags.%": "2",
                            "tags.Environment": "production",
                            "tags.Name": "production-space-tweet-private-us-west-2a",
                            "vpc_id": "vpc-2f5bdc49"
                        },
                        "meta": {
                            "schema_version": "1"
                        },
                        "tainted": false
                    },
                    "deposed": [],
                    "provider": ""
                },
                "aws_subnet.private.1": {
                    "type": "aws_subnet",
                    "depends_on": [],
                    "primary": {
                        "id": "subnet-b54d9bd3",
                        "attributes": {
                            "assign_ipv6_address_on_creation": "false",
                            "availability_zone": "us-west-2b",
                            "cidr_block": "10.0.5.0/24",
                            "id": "subnet-b54d9bd3",
                            "map_public_ip_on_launch": "false",
                            "tags.%": "2",
                            "tags.Environment": "production",
                            "tags.Name": "production-space-tweet-private-us-west-2b",
                            "vpc_id": "vpc-2f5bdc49"
                        },
                        "meta": {
                            "schema_version": "1"
                        },
                        "tainted": false
                    },
                    "deposed": [],
                    "provider": ""
                },
                "aws_subnet.private.2": {
                    "type": "aws_subnet",
                    "depends_on": [],
                    "primary": {
                        "id": "subnet-881b7bd3",
                        "attributes": {
                            "assign_ipv6_address_on_creation": "false",
                            "availability_zone": "us-west-2c",
                            "cidr_block": "10.0.6.0/24",
                            "id": "subnet-881b7bd3",
                            "map_public_ip_on_launch": "false",
                            "tags.%": "2",
                            "tags.Environment": "production",
                            "tags.Name": "production-space-tweet-private-us-west-2c",
                            "vpc_id": "vpc-2f5bdc49"
                        },
                        "meta": {
                            "schema_version": "1"
                        },
                        "tainted": false
                    },
                    "deposed": [],
                    "provider": ""
                },
                "aws_subnet.public.0": {
                    "type": "aws_subnet",
                    "depends_on": [
                        "aws_internet_gateway.public"
                    ],
                    "primary": {
                        "id": "subnet-3a58b372",
                        "attributes": {
                            "assign_ipv6_address_on_creation": "false",
                            "availability_zone": "us-west-2a",
                            "cidr_block": "10.0.1.0/24",
                            "id": "subnet-3a58b372",
                            "map_public_ip_on_launch": "true",
                            "tags.%": "2",
                            "tags.Environment": "production",
                            "tags.Name": "production-space-tweet-public-us-west-2a",
                            "vpc_id": "vpc-2f5bdc49"
                        },
                        "meta": {
                            "schema_version": "1"
                        },
                        "tainted": false
                    },
                    "deposed": [],
                    "provider": ""
                },
                "aws_subnet.public.1": {
                    "type": "aws_subnet",
                    "depends_on": [
                        "aws_internet_gateway.public"
                    ],
                    "primary": {
                        "id": "subnet-b24d9bd4",
                        "attributes": {
                            "assign_ipv6_address_on_creation": "false",
                            "availability_zone": "us-west-2b",
                            "cidr_block": "10.0.2.0/24",
                            "id": "subnet-b24d9bd4",
                            "map_public_ip_on_launch": "true",
                            "tags.%": "2",
                            "tags.Environment": "production",
                            "tags.Name": "production-space-tweet-public-us-west-2b",
                            "vpc_id": "vpc-2f5bdc49"
                        },
                        "meta": {
                            "schema_version": "1"
                        },
                        "tainted": false
                    },
                    "deposed": [],
                    "provider": ""
                },
                "aws_subnet.public.2": {
                    "type": "aws_subnet",
                    "depends_on": [
                        "aws_internet_gateway.public"
                    ],
                    "primary": {
                        "id": "subnet-e71e7ebc",
                        "attributes": {
                            "assign_ipv6_address_on_creation": "false",
                            "availability_zone": "us-west-2c",
                            "cidr_block": "10.0.3.0/24",
                            "id": "subnet-e71e7ebc",
                            "map_public_ip_on_launch": "true",
                            "tags.%": "2",
                            "tags.Environment": "production",
                            "tags.Name": "production-space-tweet-public-us-west-2c",
                            "vpc_id": "vpc-2f5bdc49"
                        },
                        "meta": {
                            "schema_version": "1"
                        },
                        "tainted": false
                    },
                    "deposed": [],
                    "provider": ""
                }
            },
            "depends_on": []
        },
        {
            "path": [
                "root",
                "aws",
                "network",
                "vpc"
            ],
            "outputs": {
                "cidr": {
                    "sensitive": false,
                    "type": "string",
                    "value": "10.0.0.0/16"
                },
                "id": {
                    "sensitive": false,
                    "type": "string",
                    "value": "vpc-2f5bdc49"
                }
            },
            "resources": {
                "aws_vpc.vpc": {
                    "type": "aws_vpc",
                    "depends_on": [],
                    "primary": {
                        "id": "vpc-2f5bdc49",
                        "attributes": {
                            "assign_generated_ipv6_cidr_block": "false",
                            "cidr_block": "10.0.0.0/16",
                            "default_network_acl_id": "acl-643e6e02",
                            "default_route_table_id": "rtb-4a8a932c",
                            "default_security_group_id": "sg-3befc941",
                            "dhcp_options_id": "dopt-3c07fd5a",
                            "enable_classiclink": "false",
                            "enable_classiclink_dns_support": "false",
                            "enable_dns_hostnames": "true",
                            "enable_dns_support": "true",
                            "id": "vpc-2f5bdc49",
                            "instance_tenancy": "default",
                            "main_route_table_id": "rtb-4a8a932c",
                            "tags.%": "2",
                            "tags.Environment": "production",
                            "tags.Name": "production-space-tweet"
                        },
                        "meta": {
                            "schema_version": "1"
                        },
                        "tainted": false
                    },
                    "deposed": [],
                    "provider": ""
                }
            },
            "depends_on": []
        },
        {
            "path": [
                "root",
                "aws",
                "network",
                "bastion",
                "ami"
            ],
            "outputs": {
                "ami_id": {
                    "sensitive": false,
                    "type": "string",
                    "value": "ami-835b4efa"
                }
            },
            "resources": {},
            "depends_on": []
        },
        {
            "path": [
                "root",
                "aws",
                "network",
                "bastion",
                "ami",
                "ami"
            ],
            "outputs": {
                "ami_id": {
                    "sensitive": false,
                    "type": "string",
                    "value": "ami-835b4efa"
                }
            },
            "resources": {},
            "depends_on": []
        },
        {
            "path": [
                "root",
                "aws",
                "network",
                "bastion",
                "ami",
                "virttype"
            ],
            "outputs": {
                "prefer_hvm": {
                    "sensitive": false,
                    "type": "string",
                    "value": "hvm"
                },
                "prefer_pv": {
                    "sensitive": false,
                    "type": "string",
                    "value": "hvm"
                }
            },
            "resources": {},
            "depends_on": []
        }
    ]
}
